{
  "version": 4,
  "terraform_version": "1.5.0",
  "serial": 269,
  "lineage": "70e96e1c-c30d-a6f0-220e-bb5077be7dda",
  "outputs": {
    "ssh_private_key": {
      "value": "/home/kiriti/.ssh/whatsnxt",
      "type": "string"
    }
  },
  "resources": [
    {
      "mode": "managed",
      "type": "aws_cloudwatch_log_group",
      "name": "whatsnxt_logs",
      "provider": "provider[\"registry.terraform.io/hashicorp/aws\"]",
      "instances": [
        {
          "schema_version": 0,
          "attributes": {
            "arn": "arn:aws:logs:ap-south-1:532966529438:log-group:whatsnxt-logs-group",
            "id": "whatsnxt-logs-group",
            "kms_key_id": "",
            "name": "whatsnxt-logs-group",
            "name_prefix": "",
            "retention_in_days": 0,
            "skip_destroy": false,
            "tags": {},
            "tags_all": {}
          },
          "sensitive_attributes": [],
          "private": "bnVsbA=="
        }
      ]
    },
    {
      "mode": "managed",
      "type": "aws_iam_instance_profile",
      "name": "ec2_instance_profile",
      "provider": "provider[\"registry.terraform.io/hashicorp/aws\"]",
      "instances": [
        {
          "status": "tainted",
          "schema_version": 0,
          "attributes": {
            "arn": "arn:aws:iam::532966529438:instance-profile/ec2_instance_profile",
            "create_date": "2023-09-22T16:01:57Z",
            "id": "ec2_instance_profile",
            "name": "ec2_instance_profile",
            "name_prefix": "",
            "path": "/",
            "role": "arn:aws:iam::532966529438:role/ec2_role",
            "tags": {},
            "tags_all": {},
            "unique_id": "AIPAXYF2H3GPIK3RRF4CE"
          },
          "sensitive_attributes": [],
          "private": "bnVsbA==",
          "dependencies": [
            "aws_iam_role.ec2_role"
          ]
        }
      ]
    },
    {
      "mode": "managed",
      "type": "aws_iam_role",
      "name": "ec2_role",
      "provider": "provider[\"registry.terraform.io/hashicorp/aws\"]",
      "instances": [
        {
          "schema_version": 0,
          "attributes": {
            "arn": "arn:aws:iam::532966529438:role/ec2_role",
            "assume_role_policy": "{\"Statement\":[{\"Action\":\"sts:AssumeRole\",\"Effect\":\"Allow\",\"Principal\":{\"Service\":\"ec2.amazonaws.com\"}}],\"Version\":\"2012-10-17\"}",
            "create_date": "2023-09-22T16:01:46Z",
            "description": "",
            "force_detach_policies": false,
            "id": "ec2_role",
            "inline_policy": [
              {
                "name": "CloudWatchLogsPolicy",
                "policy": "{\"Version\":\"2012-10-17\",\"Statement\":[{\"Action\":[\"logs:CreateLogGroup\",\"logs:CreateLogStream\",\"logs:PutLogEvents\"],\"Effect\":\"Allow\",\"Resource\":\"*\"}]}"
              }
            ],
            "managed_policy_arns": [],
            "max_session_duration": 3600,
            "name": "ec2_role",
            "name_prefix": "",
            "path": "/",
            "permissions_boundary": null,
            "tags": {},
            "tags_all": {},
            "unique_id": "AROAXYF2H3GPADXQLWF4X"
          },
          "sensitive_attributes": [],
          "private": "bnVsbA=="
        }
      ]
    },
    {
      "mode": "managed",
      "type": "aws_key_pair",
      "name": "key_pair",
      "provider": "provider[\"registry.terraform.io/hashicorp/aws\"]",
      "instances": [
        {
          "schema_version": 1,
          "attributes": {
            "arn": "arn:aws:ec2:ap-south-1:532966529438:key-pair/whatsnxt",
            "fingerprint": "9e:43:c7:d0:83:c4:fe:aa:e3:d3:38:11:bf:2b:b6:98",
            "id": "whatsnxt",
            "key_name": "whatsnxt",
            "key_name_prefix": "",
            "key_pair_id": "key-0901a4aea9d3f90d1",
            "key_type": "rsa",
            "public_key": "ssh-rsa AAAAB3NzaC1yc2EAAAADAQABAAACAQDrgKvjpPqjPUTLH6HvesW6qxvACbUGVvz6b+vTfFbuI6smYSE0pwKgTUCCxLjvZsrenEOuCnQbn3JITbPUsr7SMnIMYiAWY8j0J5Hjian1kwrphnnXjpj6eY/fPE3t4mgx1R2S8dIlxg/hUvBDoaMpq/NUnRLk/kL42G4jPzM5+e2g7UE6P951XF21+HZNW1v0n+sm0uOEBz9aBnrJKMfv/KnEaVPWXdCOXE5xBiZ1nnEXlJGDMlA8zDRacnTiOSoDB3pwcJoxxEUIYknJnYLxTlbsfw1tSZU0UFXKt1cpZkpr/cPBgyUd2nT9md2lMc5mu/V38xkbtJw7wyoPz8HD+Vdt6TjDR27WYj/7PTbYIPtJ4+6uqPeg5zcYz9wi5srwujNpleWT5vfiYnBmMZy2SqPYZn53j7t0T6xn1ej1+k3C8RHgnuSk8MR2/hEO5zrH4hMUd6y0bvVykIIsMLpCLx8ARu+ZcwlVXUXN3qeWvfK/UQjNaWtazVcASdM55ds0j9oZcAvcmnKRsupiRmy9QVb2yPaFH6Ohil4JYAWAPB4Qj/l6aeVd3vurDTJHmabZg1HOFM8QS6WgP+9ea97cNY1jEYFyHfGuAB8ZcT/PO7a2BlbPSQ8P8qT8XnWjXgkLnwSTEi7TwuHcP9bFzTBjPT7aiqmKvmAT27PAehPmPw==",
            "tags": {},
            "tags_all": {}
          },
          "sensitive_attributes": [],
          "private": "eyJzY2hlbWFfdmVyc2lvbiI6IjEifQ==",
          "dependencies": [
            "tls_private_key.rsa_4096"
          ]
        }
      ]
    },
    {
      "mode": "managed",
      "type": "aws_security_group",
      "name": "allow_ssh_main",
      "provider": "provider[\"registry.terraform.io/hashicorp/aws\"]",
      "instances": [
        {
          "schema_version": 1,
          "attributes": {
            "arn": "arn:aws:ec2:ap-south-1:532966529438:security-group/sg-08496d978ef25cf26",
            "description": "Allow ssh inbound traffic",
            "egress": [
              {
                "cidr_blocks": [
                  "0.0.0.0/0"
                ],
                "description": "",
                "from_port": 0,
                "ipv6_cidr_blocks": [],
                "prefix_list_ids": [],
                "protocol": "-1",
                "security_groups": [],
                "self": false,
                "to_port": 0
              }
            ],
            "id": "sg-08496d978ef25cf26",
            "ingress": [
              {
                "cidr_blocks": [
                  "0.0.0.0/0"
                ],
                "description": "",
                "from_port": 22,
                "ipv6_cidr_blocks": [],
                "prefix_list_ids": [],
                "protocol": "tcp",
                "security_groups": [],
                "self": false,
                "to_port": 22
              },
              {
                "cidr_blocks": [
                  "0.0.0.0/0"
                ],
                "description": "",
                "from_port": 8081,
                "ipv6_cidr_blocks": [],
                "prefix_list_ids": [],
                "protocol": "tcp",
                "security_groups": [],
                "self": false,
                "to_port": 8081
              },
              {
                "cidr_blocks": [
                  "0.0.0.0/0"
                ],
                "description": "",
                "from_port": 80,
                "ipv6_cidr_blocks": [],
                "prefix_list_ids": [],
                "protocol": "tcp",
                "security_groups": [],
                "self": false,
                "to_port": 80
              },
              {
                "cidr_blocks": [
                  "10.0.0.0/16"
                ],
                "description": "",
                "from_port": 443,
                "ipv6_cidr_blocks": [],
                "prefix_list_ids": [],
                "protocol": "tcp",
                "security_groups": [],
                "self": false,
                "to_port": 443
              }
            ],
            "name": "allow_ssh_main",
            "name_prefix": "",
            "owner_id": "532966529438",
            "revoke_rules_on_delete": false,
            "tags": {},
            "tags_all": {},
            "timeouts": null,
            "vpc_id": "vpc-091abc46e6b8a0575"
          },
          "sensitive_attributes": [],
          "private": "eyJlMmJmYjczMC1lY2FhLTExZTYtOGY4OC0zNDM2M2JjN2M0YzAiOnsiY3JlYXRlIjo2MDAwMDAwMDAwMDAsImRlbGV0ZSI6OTAwMDAwMDAwMDAwfSwic2NoZW1hX3ZlcnNpb24iOiIxIn0=",
          "dependencies": [
            "module.vpc.aws_vpc.this"
          ]
        }
      ]
    },
    {
      "mode": "managed",
      "type": "aws_security_group",
      "name": "https",
      "provider": "provider[\"registry.terraform.io/hashicorp/aws\"]",
      "instances": [
        {
          "schema_version": 1,
          "attributes": {
            "arn": "arn:aws:ec2:ap-south-1:532966529438:security-group/sg-0d9db7d1344b22e76",
            "description": "Managed by Terraform",
            "egress": [
              {
                "cidr_blocks": [
                  "0.0.0.0/0"
                ],
                "description": "",
                "from_port": 0,
                "ipv6_cidr_blocks": [],
                "prefix_list_ids": [],
                "protocol": "-1",
                "security_groups": [],
                "self": false,
                "to_port": 0
              }
            ],
            "id": "sg-0d9db7d1344b22e76",
            "ingress": [
              {
                "cidr_blocks": [
                  "0.0.0.0/0"
                ],
                "description": "",
                "from_port": 443,
                "ipv6_cidr_blocks": [],
                "prefix_list_ids": [],
                "protocol": "tcp",
                "security_groups": [],
                "self": false,
                "to_port": 443
              }
            ],
            "name": "elb",
            "name_prefix": "",
            "owner_id": "532966529438",
            "revoke_rules_on_delete": false,
            "tags": {},
            "tags_all": {},
            "timeouts": null,
            "vpc_id": "vpc-091abc46e6b8a0575"
          },
          "sensitive_attributes": [],
          "private": "eyJlMmJmYjczMC1lY2FhLTExZTYtOGY4OC0zNDM2M2JjN2M0YzAiOnsiY3JlYXRlIjo2MDAwMDAwMDAwMDAsImRlbGV0ZSI6OTAwMDAwMDAwMDAwfSwic2NoZW1hX3ZlcnNpb24iOiIxIn0=",
          "dependencies": [
            "module.vpc.aws_vpc.this"
          ]
        }
      ]
    },
    {
      "mode": "managed",
      "type": "local_file",
      "name": "private_key",
      "provider": "provider[\"registry.terraform.io/hashicorp/local\"]",
      "instances": [
        {
          "schema_version": 0,
          "attributes": {
            "content": "-----BEGIN OPENSSH PRIVATE KEY-----\nb3BlbnNzaC1rZXktdjEAAAAABG5vbmUAAAAEbm9uZQAAAAAAAAABAAACFwAAAAdz\nc2gtcnNhAAAAAwEAAQAAAgEA64Cr46T6oz1Eyx+h73rFuqsbwAm1Blb8+m/r03xW\n7iOrJmEhNKcCoE1AgsS472bK3pxDrgp0G59ySE2z1LK+0jJyDGIgFmPI9CeR44mp\n9ZMK6YZ5146Y+nmP3zxN7eJoMdUdkvHSJcYP4VLwQ6GjKavzVJ0S5P5C+NhuIz8z\nOfntoO1BOj/edVxdtfh2TVtb9J/rJtLjhAc/WgZ6ySjH7/ypxGlT1l3QjlxOcQYm\ndZ5xF5SRgzJQPMw0WnJ04jkqAwd6cHCaMcRFCGJJyZ2C8U5W7H8NbUmVNFBVyrdX\nKWZKa/3DwYMlHdp0/ZndpTHOZrv1d/MZG7ScO8MqD8/Bw/lXbek4w0du1mI/+z02\n2CD7SePurqj3oOc3GM/cIubK8LozaZXlk+b34mJwZjGctkqj2GZ+d4+7dE+sZ9Xo\n9fpNwvER4J7kpPDEdv4RDuc6x+ITFHestG71cpCCLDC6Qi8fAEbvmXMJVV1Fzd6n\nlr3yv1EIzWlrWs1XAEnTOeXbNI/aGXAL3JpykbLqYkZsvUFW9sj2hR+joYpeCWAF\ngDweEI/5emnlXd77qw0yR5mm2YNRzhTPEEuloD/vXmve3DWNYxGBch3xrgAfGXE/\nzzu2tgZWz0kPD/Kk/F51o14JC58EkxIu08Lh3D/Wxc0wYz0+2oqpir5gE9uzwHoT\n5j8AAAc4ToVPYE6FT2AAAAAHc3NoLXJzYQAAAgEA64Cr46T6oz1Eyx+h73rFuqsb\nwAm1Blb8+m/r03xW7iOrJmEhNKcCoE1AgsS472bK3pxDrgp0G59ySE2z1LK+0jJy\nDGIgFmPI9CeR44mp9ZMK6YZ5146Y+nmP3zxN7eJoMdUdkvHSJcYP4VLwQ6GjKavz\nVJ0S5P5C+NhuIz8zOfntoO1BOj/edVxdtfh2TVtb9J/rJtLjhAc/WgZ6ySjH7/yp\nxGlT1l3QjlxOcQYmdZ5xF5SRgzJQPMw0WnJ04jkqAwd6cHCaMcRFCGJJyZ2C8U5W\n7H8NbUmVNFBVyrdXKWZKa/3DwYMlHdp0/ZndpTHOZrv1d/MZG7ScO8MqD8/Bw/lX\nbek4w0du1mI/+z022CD7SePurqj3oOc3GM/cIubK8LozaZXlk+b34mJwZjGctkqj\n2GZ+d4+7dE+sZ9Xo9fpNwvER4J7kpPDEdv4RDuc6x+ITFHestG71cpCCLDC6Qi8f\nAEbvmXMJVV1Fzd6nlr3yv1EIzWlrWs1XAEnTOeXbNI/aGXAL3JpykbLqYkZsvUFW\n9sj2hR+joYpeCWAFgDweEI/5emnlXd77qw0yR5mm2YNRzhTPEEuloD/vXmve3DWN\nYxGBch3xrgAfGXE/zzu2tgZWz0kPD/Kk/F51o14JC58EkxIu08Lh3D/Wxc0wYz0+\n2oqpir5gE9uzwHoT5j8AAAADAQABAAACAAwZXTth03qlgC5LXr91+Eih19gi54j+\n2Rpou53u6mxrqrRbEyCoX+sqbOELCFFMX6nWL2f2o4Zzx6RNUarg0Aruiot2Ux2z\nXLSmf8lH3lJ+jnX28bWQXu2nZyvZ5ksNcbr1rwJIqDpGlbRG1Y8z87UFX4f+VeUr\n5vbv76Ch85jL7VhyOAKtG1m+OBZMQI+y3OORf7xL42J6GNggMxi4nqUGvxYXLzZ5\nNWjK90C5RyqNzFOgz2UFJbgp6Zqn/LdOpojnTnQOZO2fnshSfGX+UKbjFnYqBN+T\ngzXf1riGeNToq3Qm4nLDsRl6ir4otIlzKJ6Ak5jpBWY1/jzXxwZu7w5wOXwI8uQk\n5x0gqVMehz0HcuynX4eyAQe7MG/ue74QW4vD6Zxih2B5CerU6gE1MqFYhpf7T0Re\nvjim+QbMg9rRVUJBxDQHJB8CSCDQnjL7eudWidYwmBRTAfq3oJzNrsr1O7NPGky4\nsV1VYDupk7z8oFMNYKshBzZaY1b6PgDYjMbNbJVKtxlF+qjhk8CiHmZiKqLrinwj\n31pUdhB2HI5F07li7ve2JBsEGcL7cT+JK773j26n8itNRWHa5rn2r3ZmfrsXka6X\nGPJbNL2CZbPBt96Wsq8ngpsuiRFPbXIlCDwrIQ+oTsfEIyYeFy6K133lDwD3IgiI\ntfUV0oqUbSfpAAABAQDlSA8vTcriIVxb/DVFyE7ODvXtCc3qnOSvwDYdWW5dxtSj\nOZ18uDzAVjAU3mmQ7QOA4bd7cM7fCR2eTKuOmeYAuQeFxYD5KmDIPTTeMuKHrNpd\nvj+RRbi7yiUeCv2OZZMqUBdYNHdgedFZBxzuT0yz2bup400slPuE4G9IfN0muJ5B\nH/jmPKZHTpxyA7Zsw8wSbYvA+LaZ+2ZAVx8/fNZ0PUqS5MihOOy7ygg6ADWCEkcc\nsmaf2dH715Sgn/AO39FDg4g/v20Z7cWq6ja3wtFinyP7OnZU9YfKZ7/xzLps9lrF\nU3j0ulqtTCBMTKB9tJguobZKjLyDjbp/5mkQOk6DAAABAQDv8bSsFVr6AkJf5R4Q\nhSGviZb3CAGhz3SwWpBNz+hg4YXmrby9WRjRrRgIodaR7C+0otA881e3aO5iTaJP\nFOirD0MOBegv7lMAZH2hxGBfP5rKiPTjkK7bDzKJfJEarzLj/PxdHyBLaDdzwlKd\nUDSH10I8AiJoA7pR+TV9zyO+upWWD5RTkec3hYjazj2poc3hIYhCRhPY5nZsHC1L\nb4o5j7Xkz1VP4ONEKNp8po8qgk0vGQJ8p992iOaimydc8LLdE8PZ4PE3CFdZuNLt\nZmMv11Q4jOMQSmbW1FhLqaF0JeFS8Quh9wWAtFQDpbsmO3I5fx54fSDZNcQI7OrS\nBIwrAAABAQD7QuGUM136TSyy3fW+fxvkyc/yb/wPipQOtCapJy2qg0v/l5icWXaQ\n0Iprr9W1wEyPxiT8XIqEafyssPrIssz43ap2g5WkP9TpXpkfjIDIxOcvUwVQko/f\nmrH0EJkCwwI2yEGXHwcbdSsV342rYCkVY9HN9RDpWkrS+oriwEJch9iESs7DfTqR\n18GViJ/yQA/zVEtPTp0LKxhtrkmNoKb7yhliEiVSS46V5ffvCUBFiCPC+GEyXAOi\nzZDqdRI6PHfQXiE1l14YmHtcpBx1dpGTAo/Cl19lQ+K67mGVcETwBGBAk/alLdcC\nKlHHJ8sp4aY7t16KiEklEiYsrM0RO4A9AAAAAAEC\n-----END OPENSSH PRIVATE KEY-----\n",
            "content_base64": null,
            "content_base64sha256": "cRCwo5luv3jJiBvAff8/INKce4ntWHPw8nGZEG0Dn0Q=",
            "content_base64sha512": "bePibnThd7QcBcfrJkZTkhyhnNgdRAQIsoAB3/h5UoFsXd0rHHtZC3t4rQtnQH5tFxYQftbNiv5M1LHlWkhdCQ==",
            "content_md5": "cbdee6d51b38f76df424bef371320183",
            "content_sha1": "addf01b94c346d237610dd343a4d39b59e1fabb5",
            "content_sha256": "7110b0a3996ebf78c9881bc07dff3f20d29c7b89ed5873f0f27199106d039f44",
            "content_sha512": "6de3e26e74e177b41c05c7eb264653921ca19cd81d440408b28001dff87952816c5ddd2b1c7b590b7b78ad0b67407e6d1716107ed6cd8afe4cd4b1e55a485d09",
            "directory_permission": "0777",
            "file_permission": "0777",
            "filename": "/home/kiriti/.ssh/whatsnxt",
            "id": "addf01b94c346d237610dd343a4d39b59e1fabb5",
            "sensitive_content": null,
            "source": null
          },
          "sensitive_attributes": [
            [
              {
                "type": "get_attr",
                "value": "content"
              }
            ]
          ],
          "dependencies": [
            "tls_private_key.rsa_4096"
          ]
        }
      ]
    },
    {
      "mode": "managed",
      "type": "null_resource",
      "name": "boot_finished",
      "provider": "provider[\"registry.terraform.io/hashicorp/null\"]",
      "instances": []
    },
    {
      "mode": "managed",
      "type": "null_resource",
      "name": "image_updater",
      "provider": "provider[\"registry.terraform.io/hashicorp/null\"]",
      "instances": []
    },
    {
      "mode": "managed",
      "type": "null_resource",
      "name": "node_provisioner",
      "provider": "provider[\"registry.terraform.io/hashicorp/null\"]",
      "instances": []
    },
    {
      "mode": "managed",
      "type": "tls_private_key",
      "name": "rsa_4096",
      "provider": "provider[\"registry.terraform.io/hashicorp/tls\"]",
      "instances": [
        {
          "schema_version": 1,
          "attributes": {
            "algorithm": "RSA",
            "ecdsa_curve": "P224",
            "id": "576d0e40612534b5acf04344cede11370588959a",
            "private_key_openssh": "-----BEGIN OPENSSH PRIVATE KEY-----\nb3BlbnNzaC1rZXktdjEAAAAABG5vbmUAAAAEbm9uZQAAAAAAAAABAAACFwAAAAdz\nc2gtcnNhAAAAAwEAAQAAAgEA64Cr46T6oz1Eyx+h73rFuqsbwAm1Blb8+m/r03xW\n7iOrJmEhNKcCoE1AgsS472bK3pxDrgp0G59ySE2z1LK+0jJyDGIgFmPI9CeR44mp\n9ZMK6YZ5146Y+nmP3zxN7eJoMdUdkvHSJcYP4VLwQ6GjKavzVJ0S5P5C+NhuIz8z\nOfntoO1BOj/edVxdtfh2TVtb9J/rJtLjhAc/WgZ6ySjH7/ypxGlT1l3QjlxOcQYm\ndZ5xF5SRgzJQPMw0WnJ04jkqAwd6cHCaMcRFCGJJyZ2C8U5W7H8NbUmVNFBVyrdX\nKWZKa/3DwYMlHdp0/ZndpTHOZrv1d/MZG7ScO8MqD8/Bw/lXbek4w0du1mI/+z02\n2CD7SePurqj3oOc3GM/cIubK8LozaZXlk+b34mJwZjGctkqj2GZ+d4+7dE+sZ9Xo\n9fpNwvER4J7kpPDEdv4RDuc6x+ITFHestG71cpCCLDC6Qi8fAEbvmXMJVV1Fzd6n\nlr3yv1EIzWlrWs1XAEnTOeXbNI/aGXAL3JpykbLqYkZsvUFW9sj2hR+joYpeCWAF\ngDweEI/5emnlXd77qw0yR5mm2YNRzhTPEEuloD/vXmve3DWNYxGBch3xrgAfGXE/\nzzu2tgZWz0kPD/Kk/F51o14JC58EkxIu08Lh3D/Wxc0wYz0+2oqpir5gE9uzwHoT\n5j8AAAc4ToVPYE6FT2AAAAAHc3NoLXJzYQAAAgEA64Cr46T6oz1Eyx+h73rFuqsb\nwAm1Blb8+m/r03xW7iOrJmEhNKcCoE1AgsS472bK3pxDrgp0G59ySE2z1LK+0jJy\nDGIgFmPI9CeR44mp9ZMK6YZ5146Y+nmP3zxN7eJoMdUdkvHSJcYP4VLwQ6GjKavz\nVJ0S5P5C+NhuIz8zOfntoO1BOj/edVxdtfh2TVtb9J/rJtLjhAc/WgZ6ySjH7/yp\nxGlT1l3QjlxOcQYmdZ5xF5SRgzJQPMw0WnJ04jkqAwd6cHCaMcRFCGJJyZ2C8U5W\n7H8NbUmVNFBVyrdXKWZKa/3DwYMlHdp0/ZndpTHOZrv1d/MZG7ScO8MqD8/Bw/lX\nbek4w0du1mI/+z022CD7SePurqj3oOc3GM/cIubK8LozaZXlk+b34mJwZjGctkqj\n2GZ+d4+7dE+sZ9Xo9fpNwvER4J7kpPDEdv4RDuc6x+ITFHestG71cpCCLDC6Qi8f\nAEbvmXMJVV1Fzd6nlr3yv1EIzWlrWs1XAEnTOeXbNI/aGXAL3JpykbLqYkZsvUFW\n9sj2hR+joYpeCWAFgDweEI/5emnlXd77qw0yR5mm2YNRzhTPEEuloD/vXmve3DWN\nYxGBch3xrgAfGXE/zzu2tgZWz0kPD/Kk/F51o14JC58EkxIu08Lh3D/Wxc0wYz0+\n2oqpir5gE9uzwHoT5j8AAAADAQABAAACAAwZXTth03qlgC5LXr91+Eih19gi54j+\n2Rpou53u6mxrqrRbEyCoX+sqbOELCFFMX6nWL2f2o4Zzx6RNUarg0Aruiot2Ux2z\nXLSmf8lH3lJ+jnX28bWQXu2nZyvZ5ksNcbr1rwJIqDpGlbRG1Y8z87UFX4f+VeUr\n5vbv76Ch85jL7VhyOAKtG1m+OBZMQI+y3OORf7xL42J6GNggMxi4nqUGvxYXLzZ5\nNWjK90C5RyqNzFOgz2UFJbgp6Zqn/LdOpojnTnQOZO2fnshSfGX+UKbjFnYqBN+T\ngzXf1riGeNToq3Qm4nLDsRl6ir4otIlzKJ6Ak5jpBWY1/jzXxwZu7w5wOXwI8uQk\n5x0gqVMehz0HcuynX4eyAQe7MG/ue74QW4vD6Zxih2B5CerU6gE1MqFYhpf7T0Re\nvjim+QbMg9rRVUJBxDQHJB8CSCDQnjL7eudWidYwmBRTAfq3oJzNrsr1O7NPGky4\nsV1VYDupk7z8oFMNYKshBzZaY1b6PgDYjMbNbJVKtxlF+qjhk8CiHmZiKqLrinwj\n31pUdhB2HI5F07li7ve2JBsEGcL7cT+JK773j26n8itNRWHa5rn2r3ZmfrsXka6X\nGPJbNL2CZbPBt96Wsq8ngpsuiRFPbXIlCDwrIQ+oTsfEIyYeFy6K133lDwD3IgiI\ntfUV0oqUbSfpAAABAQDlSA8vTcriIVxb/DVFyE7ODvXtCc3qnOSvwDYdWW5dxtSj\nOZ18uDzAVjAU3mmQ7QOA4bd7cM7fCR2eTKuOmeYAuQeFxYD5KmDIPTTeMuKHrNpd\nvj+RRbi7yiUeCv2OZZMqUBdYNHdgedFZBxzuT0yz2bup400slPuE4G9IfN0muJ5B\nH/jmPKZHTpxyA7Zsw8wSbYvA+LaZ+2ZAVx8/fNZ0PUqS5MihOOy7ygg6ADWCEkcc\nsmaf2dH715Sgn/AO39FDg4g/v20Z7cWq6ja3wtFinyP7OnZU9YfKZ7/xzLps9lrF\nU3j0ulqtTCBMTKB9tJguobZKjLyDjbp/5mkQOk6DAAABAQDv8bSsFVr6AkJf5R4Q\nhSGviZb3CAGhz3SwWpBNz+hg4YXmrby9WRjRrRgIodaR7C+0otA881e3aO5iTaJP\nFOirD0MOBegv7lMAZH2hxGBfP5rKiPTjkK7bDzKJfJEarzLj/PxdHyBLaDdzwlKd\nUDSH10I8AiJoA7pR+TV9zyO+upWWD5RTkec3hYjazj2poc3hIYhCRhPY5nZsHC1L\nb4o5j7Xkz1VP4ONEKNp8po8qgk0vGQJ8p992iOaimydc8LLdE8PZ4PE3CFdZuNLt\nZmMv11Q4jOMQSmbW1FhLqaF0JeFS8Quh9wWAtFQDpbsmO3I5fx54fSDZNcQI7OrS\nBIwrAAABAQD7QuGUM136TSyy3fW+fxvkyc/yb/wPipQOtCapJy2qg0v/l5icWXaQ\n0Iprr9W1wEyPxiT8XIqEafyssPrIssz43ap2g5WkP9TpXpkfjIDIxOcvUwVQko/f\nmrH0EJkCwwI2yEGXHwcbdSsV342rYCkVY9HN9RDpWkrS+oriwEJch9iESs7DfTqR\n18GViJ/yQA/zVEtPTp0LKxhtrkmNoKb7yhliEiVSS46V5ffvCUBFiCPC+GEyXAOi\nzZDqdRI6PHfQXiE1l14YmHtcpBx1dpGTAo/Cl19lQ+K67mGVcETwBGBAk/alLdcC\nKlHHJ8sp4aY7t16KiEklEiYsrM0RO4A9AAAAAAEC\n-----END OPENSSH PRIVATE KEY-----\n",
            "private_key_pem": "-----BEGIN RSA PRIVATE KEY-----\nMIIJKQIBAAKCAgEA64Cr46T6oz1Eyx+h73rFuqsbwAm1Blb8+m/r03xW7iOrJmEh\nNKcCoE1AgsS472bK3pxDrgp0G59ySE2z1LK+0jJyDGIgFmPI9CeR44mp9ZMK6YZ5\n146Y+nmP3zxN7eJoMdUdkvHSJcYP4VLwQ6GjKavzVJ0S5P5C+NhuIz8zOfntoO1B\nOj/edVxdtfh2TVtb9J/rJtLjhAc/WgZ6ySjH7/ypxGlT1l3QjlxOcQYmdZ5xF5SR\ngzJQPMw0WnJ04jkqAwd6cHCaMcRFCGJJyZ2C8U5W7H8NbUmVNFBVyrdXKWZKa/3D\nwYMlHdp0/ZndpTHOZrv1d/MZG7ScO8MqD8/Bw/lXbek4w0du1mI/+z022CD7SePu\nrqj3oOc3GM/cIubK8LozaZXlk+b34mJwZjGctkqj2GZ+d4+7dE+sZ9Xo9fpNwvER\n4J7kpPDEdv4RDuc6x+ITFHestG71cpCCLDC6Qi8fAEbvmXMJVV1Fzd6nlr3yv1EI\nzWlrWs1XAEnTOeXbNI/aGXAL3JpykbLqYkZsvUFW9sj2hR+joYpeCWAFgDweEI/5\nemnlXd77qw0yR5mm2YNRzhTPEEuloD/vXmve3DWNYxGBch3xrgAfGXE/zzu2tgZW\nz0kPD/Kk/F51o14JC58EkxIu08Lh3D/Wxc0wYz0+2oqpir5gE9uzwHoT5j8CAwEA\nAQKCAgAMGV07YdN6pYAuS16/dfhIodfYIueI/tkaaLud7upsa6q0WxMgqF/rKmzh\nCwhRTF+p1i9n9qOGc8ekTVGq4NAK7oqLdlMds1y0pn/JR95Sfo519vG1kF7tp2cr\n2eZLDXG69a8CSKg6RpW0RtWPM/O1BV+H/lXlK+b27++gofOYy+1YcjgCrRtZvjgW\nTECPstzjkX+8S+NiehjYIDMYuJ6lBr8WFy82eTVoyvdAuUcqjcxToM9lBSW4Kema\np/y3TqaI5050DmTtn57IUnxl/lCm4xZ2KgTfk4M139a4hnjU6Kt0JuJyw7EZeoq+\nKLSJcyiegJOY6QVmNf4818cGbu8OcDl8CPLkJOcdIKlTHoc9B3Lsp1+HsgEHuzBv\n7nu+EFuLw+mcYodgeQnq1OoBNTKhWIaX+09EXr44pvkGzIPa0VVCQcQ0ByQfAkgg\n0J4y+3rnVonWMJgUUwH6t6Ccza7K9TuzTxpMuLFdVWA7qZO8/KBTDWCrIQc2WmNW\n+j4A2IzGzWyVSrcZRfqo4ZPAoh5mYiqi64p8I99aVHYQdhyORdO5Yu73tiQbBBnC\n+3E/iSu+949up/IrTUVh2ua59q92Zn67F5GulxjyWzS9gmWzwbfelrKvJ4KbLokR\nT21yJQg8KyEPqE7HxCMmHhcuitd95Q8A9yIIiLX1FdKKlG0n6QKCAQEA7/G0rBVa\n+gJCX+UeEIUhr4mW9wgBoc90sFqQTc/oYOGF5q28vVkY0a0YCKHWkewvtKLQPPNX\nt2juYk2iTxToqw9DDgXoL+5TAGR9ocRgXz+ayoj045Cu2w8yiXyRGq8y4/z8XR8g\nS2g3c8JSnVA0h9dCPAIiaAO6Ufk1fc8jvrqVlg+UU5HnN4WI2s49qaHN4SGIQkYT\n2OZ2bBwtS2+KOY+15M9VT+DjRCjafKaPKoJNLxkCfKffdojmopsnXPCy3RPD2eDx\nNwhXWbjS7WZjL9dUOIzjEEpm1tRYS6mhdCXhUvELofcFgLRUA6W7JjtyOX8eeH0g\n2TXECOzq0gSMKwKCAQEA+0LhlDNd+k0sst31vn8b5MnP8m/8D4qUDrQmqSctqoNL\n/5eYnFl2kNCKa6/VtcBMj8Yk/FyKhGn8rLD6yLLM+N2qdoOVpD/U6V6ZH4yAyMTn\nL1MFUJKP35qx9BCZAsMCNshBlx8HG3UrFd+Nq2ApFWPRzfUQ6VpK0vqK4sBCXIfY\nhErOw306kdfBlYif8kAP81RLT06dCysYba5JjaCm+8oZYhIlUkuOleX37wlARYgj\nwvhhMlwDos2Q6nUSOjx30F4hNZdeGJh7XKQcdXaRkwKPwpdfZUPiuu5hlXBE8ARg\nQJP2pS3XAipRxyfLKeGmO7deiohJJRImLKzNETuAPQKCAQEAz62RB3DkcYgLEx0o\nTHwuj9SzCdWwM/FvukRoqjDNnS0VzHeL6Qd45+K97prFMUAQenSBcH/e6Cy2R/eS\nCIi8aXKoQzbxpKrOxIQ2CRIDp+1ReQPZki3kak5ZG47puQLzNUn+1ErglOP7OwJy\npx6ImRrDhVUDmqu/VLwyhFYJRkgQuPV7GGosim3V6iygSnZ1z+pKGbK18wJmdWRd\n//Dm3rN4aDbcTGsFyjTiBwnS2KQ3UhB/io1yaRJNLWjFRThAWAGHfsmnfk6F7G6A\ngmIgb4QcrWWkErGTGVZppfOIfxNaV4Oy4dkAtkleflmwBoNldkaEhR0olVhn+KG3\nDVhKSQKCAQAbvfKyLkm+DS9WQHOVqOsng7DWD89A2Ago53MtUgoUvZJykgZjnO0e\naCggY7Ww756EcVg8FOumWx1u48uMxVEkWTUtCLJJBFM5wRwfA6BkinkMHJqFnukL\nw0TKsdpzF5zy94FmciKSwYkUTS6TMXbXycGsf9ZyLWn9iXQ0PQ4WsVkSoj/aDcWd\nvLi/Deq7EJ+yOihmhUOJrCRyV7//RzGos1PCJEbCo10G5/FMDzVtd+6a5Fm2+bnd\nC91oRazRiUOhWgNIq4HULWHRhL0vqvu/w5Sj45rAz5IFGbTkjxTNe241MyEUc889\nifalips/8I4uIbzqhsmssihM3nd145/xAoIBAQDlSA8vTcriIVxb/DVFyE7ODvXt\nCc3qnOSvwDYdWW5dxtSjOZ18uDzAVjAU3mmQ7QOA4bd7cM7fCR2eTKuOmeYAuQeF\nxYD5KmDIPTTeMuKHrNpdvj+RRbi7yiUeCv2OZZMqUBdYNHdgedFZBxzuT0yz2bup\n400slPuE4G9IfN0muJ5BH/jmPKZHTpxyA7Zsw8wSbYvA+LaZ+2ZAVx8/fNZ0PUqS\n5MihOOy7ygg6ADWCEkccsmaf2dH715Sgn/AO39FDg4g/v20Z7cWq6ja3wtFinyP7\nOnZU9YfKZ7/xzLps9lrFU3j0ulqtTCBMTKB9tJguobZKjLyDjbp/5mkQOk6D\n-----END RSA PRIVATE KEY-----\n",
            "private_key_pem_pkcs8": "-----BEGIN PRIVATE KEY-----\nMIIJQwIBADANBgkqhkiG9w0BAQEFAASCCS0wggkpAgEAAoICAQDrgKvjpPqjPUTL\nH6HvesW6qxvACbUGVvz6b+vTfFbuI6smYSE0pwKgTUCCxLjvZsrenEOuCnQbn3JI\nTbPUsr7SMnIMYiAWY8j0J5Hjian1kwrphnnXjpj6eY/fPE3t4mgx1R2S8dIlxg/h\nUvBDoaMpq/NUnRLk/kL42G4jPzM5+e2g7UE6P951XF21+HZNW1v0n+sm0uOEBz9a\nBnrJKMfv/KnEaVPWXdCOXE5xBiZ1nnEXlJGDMlA8zDRacnTiOSoDB3pwcJoxxEUI\nYknJnYLxTlbsfw1tSZU0UFXKt1cpZkpr/cPBgyUd2nT9md2lMc5mu/V38xkbtJw7\nwyoPz8HD+Vdt6TjDR27WYj/7PTbYIPtJ4+6uqPeg5zcYz9wi5srwujNpleWT5vfi\nYnBmMZy2SqPYZn53j7t0T6xn1ej1+k3C8RHgnuSk8MR2/hEO5zrH4hMUd6y0bvVy\nkIIsMLpCLx8ARu+ZcwlVXUXN3qeWvfK/UQjNaWtazVcASdM55ds0j9oZcAvcmnKR\nsupiRmy9QVb2yPaFH6Ohil4JYAWAPB4Qj/l6aeVd3vurDTJHmabZg1HOFM8QS6Wg\nP+9ea97cNY1jEYFyHfGuAB8ZcT/PO7a2BlbPSQ8P8qT8XnWjXgkLnwSTEi7TwuHc\nP9bFzTBjPT7aiqmKvmAT27PAehPmPwIDAQABAoICAAwZXTth03qlgC5LXr91+Eih\n19gi54j+2Rpou53u6mxrqrRbEyCoX+sqbOELCFFMX6nWL2f2o4Zzx6RNUarg0Aru\niot2Ux2zXLSmf8lH3lJ+jnX28bWQXu2nZyvZ5ksNcbr1rwJIqDpGlbRG1Y8z87UF\nX4f+VeUr5vbv76Ch85jL7VhyOAKtG1m+OBZMQI+y3OORf7xL42J6GNggMxi4nqUG\nvxYXLzZ5NWjK90C5RyqNzFOgz2UFJbgp6Zqn/LdOpojnTnQOZO2fnshSfGX+UKbj\nFnYqBN+TgzXf1riGeNToq3Qm4nLDsRl6ir4otIlzKJ6Ak5jpBWY1/jzXxwZu7w5w\nOXwI8uQk5x0gqVMehz0HcuynX4eyAQe7MG/ue74QW4vD6Zxih2B5CerU6gE1MqFY\nhpf7T0Revjim+QbMg9rRVUJBxDQHJB8CSCDQnjL7eudWidYwmBRTAfq3oJzNrsr1\nO7NPGky4sV1VYDupk7z8oFMNYKshBzZaY1b6PgDYjMbNbJVKtxlF+qjhk8CiHmZi\nKqLrinwj31pUdhB2HI5F07li7ve2JBsEGcL7cT+JK773j26n8itNRWHa5rn2r3Zm\nfrsXka6XGPJbNL2CZbPBt96Wsq8ngpsuiRFPbXIlCDwrIQ+oTsfEIyYeFy6K133l\nDwD3IgiItfUV0oqUbSfpAoIBAQDv8bSsFVr6AkJf5R4QhSGviZb3CAGhz3SwWpBN\nz+hg4YXmrby9WRjRrRgIodaR7C+0otA881e3aO5iTaJPFOirD0MOBegv7lMAZH2h\nxGBfP5rKiPTjkK7bDzKJfJEarzLj/PxdHyBLaDdzwlKdUDSH10I8AiJoA7pR+TV9\nzyO+upWWD5RTkec3hYjazj2poc3hIYhCRhPY5nZsHC1Lb4o5j7Xkz1VP4ONEKNp8\npo8qgk0vGQJ8p992iOaimydc8LLdE8PZ4PE3CFdZuNLtZmMv11Q4jOMQSmbW1FhL\nqaF0JeFS8Quh9wWAtFQDpbsmO3I5fx54fSDZNcQI7OrSBIwrAoIBAQD7QuGUM136\nTSyy3fW+fxvkyc/yb/wPipQOtCapJy2qg0v/l5icWXaQ0Iprr9W1wEyPxiT8XIqE\nafyssPrIssz43ap2g5WkP9TpXpkfjIDIxOcvUwVQko/fmrH0EJkCwwI2yEGXHwcb\ndSsV342rYCkVY9HN9RDpWkrS+oriwEJch9iESs7DfTqR18GViJ/yQA/zVEtPTp0L\nKxhtrkmNoKb7yhliEiVSS46V5ffvCUBFiCPC+GEyXAOizZDqdRI6PHfQXiE1l14Y\nmHtcpBx1dpGTAo/Cl19lQ+K67mGVcETwBGBAk/alLdcCKlHHJ8sp4aY7t16KiEkl\nEiYsrM0RO4A9AoIBAQDPrZEHcORxiAsTHShMfC6P1LMJ1bAz8W+6RGiqMM2dLRXM\nd4vpB3jn4r3umsUxQBB6dIFwf97oLLZH95IIiLxpcqhDNvGkqs7EhDYJEgOn7VF5\nA9mSLeRqTlkbjum5AvM1Sf7USuCU4/s7AnKnHoiZGsOFVQOaq79UvDKEVglGSBC4\n9XsYaiyKbdXqLKBKdnXP6koZsrXzAmZ1ZF3/8Obes3hoNtxMawXKNOIHCdLYpDdS\nEH+KjXJpEk0taMVFOEBYAYd+yad+ToXsboCCYiBvhBytZaQSsZMZVmml84h/E1pX\ng7Lh2QC2SV5+WbAGg2V2RoSFHSiVWGf4obcNWEpJAoIBABu98rIuSb4NL1ZAc5Wo\n6yeDsNYPz0DYCCjncy1SChS9knKSBmOc7R5oKCBjtbDvnoRxWDwU66ZbHW7jy4zF\nUSRZNS0IskkEUznBHB8DoGSKeQwcmoWe6QvDRMqx2nMXnPL3gWZyIpLBiRRNLpMx\ndtfJwax/1nItaf2JdDQ9DhaxWRKiP9oNxZ28uL8N6rsQn7I6KGaFQ4msJHJXv/9H\nMaizU8IkRsKjXQbn8UwPNW137prkWbb5ud0L3WhFrNGJQ6FaA0irgdQtYdGEvS+q\n+7/DlKPjmsDPkgUZtOSPFM17bjUzIRRzzz2J9qWKmz/wji4hvOqGyayyKEzed3Xj\nn/ECggEBAOVIDy9NyuIhXFv8NUXITs4O9e0Jzeqc5K/ANh1Zbl3G1KM5nXy4PMBW\nMBTeaZDtA4Dht3twzt8JHZ5Mq46Z5gC5B4XFgPkqYMg9NN4y4oes2l2+P5FFuLvK\nJR4K/Y5lkypQF1g0d2B50VkHHO5PTLPZu6njTSyU+4Tgb0h83Sa4nkEf+OY8pkdO\nnHIDtmzDzBJti8D4tpn7ZkBXHz981nQ9SpLkyKE47LvKCDoANYISRxyyZp/Z0fvX\nlKCf8A7f0UODiD+/bRntxarqNrfC0WKfI/s6dlT1h8pnv/HMumz2WsVTePS6Wq1M\nIExMoH20mC6htkqMvIONun/maRA6ToM=\n-----END PRIVATE KEY-----\n",
            "public_key_fingerprint_md5": "1f:08:87:3a:c7:c0:96:df:0e:f7:e0:d6:c0:cb:0c:7f",
            "public_key_fingerprint_sha256": "SHA256:fmP3NrL9BPxTM61gvRkf3EXy7SfqAuAzQe39+vqMiLE",
            "public_key_openssh": "ssh-rsa AAAAB3NzaC1yc2EAAAADAQABAAACAQDrgKvjpPqjPUTLH6HvesW6qxvACbUGVvz6b+vTfFbuI6smYSE0pwKgTUCCxLjvZsrenEOuCnQbn3JITbPUsr7SMnIMYiAWY8j0J5Hjian1kwrphnnXjpj6eY/fPE3t4mgx1R2S8dIlxg/hUvBDoaMpq/NUnRLk/kL42G4jPzM5+e2g7UE6P951XF21+HZNW1v0n+sm0uOEBz9aBnrJKMfv/KnEaVPWXdCOXE5xBiZ1nnEXlJGDMlA8zDRacnTiOSoDB3pwcJoxxEUIYknJnYLxTlbsfw1tSZU0UFXKt1cpZkpr/cPBgyUd2nT9md2lMc5mu/V38xkbtJw7wyoPz8HD+Vdt6TjDR27WYj/7PTbYIPtJ4+6uqPeg5zcYz9wi5srwujNpleWT5vfiYnBmMZy2SqPYZn53j7t0T6xn1ej1+k3C8RHgnuSk8MR2/hEO5zrH4hMUd6y0bvVykIIsMLpCLx8ARu+ZcwlVXUXN3qeWvfK/UQjNaWtazVcASdM55ds0j9oZcAvcmnKRsupiRmy9QVb2yPaFH6Ohil4JYAWAPB4Qj/l6aeVd3vurDTJHmabZg1HOFM8QS6WgP+9ea97cNY1jEYFyHfGuAB8ZcT/PO7a2BlbPSQ8P8qT8XnWjXgkLnwSTEi7TwuHcP9bFzTBjPT7aiqmKvmAT27PAehPmPw==\n",
            "public_key_pem": "-----BEGIN PUBLIC KEY-----\nMIICIjANBgkqhkiG9w0BAQEFAAOCAg8AMIICCgKCAgEA64Cr46T6oz1Eyx+h73rF\nuqsbwAm1Blb8+m/r03xW7iOrJmEhNKcCoE1AgsS472bK3pxDrgp0G59ySE2z1LK+\n0jJyDGIgFmPI9CeR44mp9ZMK6YZ5146Y+nmP3zxN7eJoMdUdkvHSJcYP4VLwQ6Gj\nKavzVJ0S5P5C+NhuIz8zOfntoO1BOj/edVxdtfh2TVtb9J/rJtLjhAc/WgZ6ySjH\n7/ypxGlT1l3QjlxOcQYmdZ5xF5SRgzJQPMw0WnJ04jkqAwd6cHCaMcRFCGJJyZ2C\n8U5W7H8NbUmVNFBVyrdXKWZKa/3DwYMlHdp0/ZndpTHOZrv1d/MZG7ScO8MqD8/B\nw/lXbek4w0du1mI/+z022CD7SePurqj3oOc3GM/cIubK8LozaZXlk+b34mJwZjGc\ntkqj2GZ+d4+7dE+sZ9Xo9fpNwvER4J7kpPDEdv4RDuc6x+ITFHestG71cpCCLDC6\nQi8fAEbvmXMJVV1Fzd6nlr3yv1EIzWlrWs1XAEnTOeXbNI/aGXAL3JpykbLqYkZs\nvUFW9sj2hR+joYpeCWAFgDweEI/5emnlXd77qw0yR5mm2YNRzhTPEEuloD/vXmve\n3DWNYxGBch3xrgAfGXE/zzu2tgZWz0kPD/Kk/F51o14JC58EkxIu08Lh3D/Wxc0w\nYz0+2oqpir5gE9uzwHoT5j8CAwEAAQ==\n-----END PUBLIC KEY-----\n",
            "rsa_bits": 4096
          },
          "sensitive_attributes": []
        }
      ]
    },
    {
      "module": "module.ec2_instance",
      "mode": "data",
      "type": "aws_partition",
      "name": "current",
      "provider": "provider[\"registry.terraform.io/hashicorp/aws\"]",
      "instances": [
        {
          "schema_version": 0,
          "attributes": {
            "dns_suffix": "amazonaws.com",
            "id": "aws",
            "partition": "aws",
            "reverse_dns_prefix": "com.amazonaws"
          },
          "sensitive_attributes": []
        }
      ]
    },
    {
      "module": "module.ec2_instance",
      "mode": "data",
      "type": "aws_ssm_parameter",
      "name": "this",
      "provider": "provider[\"registry.terraform.io/hashicorp/aws\"]",
      "instances": [
        {
          "index_key": 0,
          "schema_version": 0,
          "attributes": {
            "arn": "arn:aws:ssm:ap-south-1::parameter/aws/service/ami-amazon-linux-latest/amzn2-ami-hvm-x86_64-gp2",
            "id": "/aws/service/ami-amazon-linux-latest/amzn2-ami-hvm-x86_64-gp2",
            "insecure_value": "ami-0579bae099b504874",
            "name": "/aws/service/ami-amazon-linux-latest/amzn2-ami-hvm-x86_64-gp2",
            "type": "String",
            "value": "ami-0579bae099b504874",
            "version": 96,
            "with_decryption": true
          },
          "sensitive_attributes": []
        }
      ]
    },
    {
      "module": "module.ec2_instance",
      "mode": "managed",
      "type": "aws_iam_instance_profile",
      "name": "this",
      "provider": "provider[\"registry.terraform.io/hashicorp/aws\"]",
      "instances": []
    },
    {
      "module": "module.ec2_instance",
      "mode": "managed",
      "type": "aws_instance",
      "name": "ignore_ami",
      "provider": "provider[\"registry.terraform.io/hashicorp/aws\"]",
      "instances": []
    },
    {
      "module": "module.ec2_instance",
      "mode": "managed",
      "type": "aws_instance",
      "name": "this",
      "provider": "provider[\"registry.terraform.io/hashicorp/aws\"]",
      "instances": []
    },
    {
      "module": "module.ec2_instance",
      "mode": "managed",
      "type": "aws_spot_instance_request",
      "name": "this",
      "provider": "provider[\"registry.terraform.io/hashicorp/aws\"]",
      "instances": []
    },
    {
      "module": "module.elb.module.elb",
      "mode": "managed",
      "type": "aws_elb",
      "name": "this",
      "provider": "provider[\"registry.terraform.io/hashicorp/aws\"]",
      "instances": [
        {
          "index_key": 0,
          "schema_version": 0,
          "attributes": {
            "access_logs": [],
            "arn": "arn:aws:elasticloadbalancing:ap-south-1:532966529438:loadbalancer/main-backend",
            "availability_zones": [
              "ap-south-1a"
            ],
            "connection_draining": false,
            "connection_draining_timeout": 300,
            "cross_zone_load_balancing": true,
            "desync_mitigation_mode": "defensive",
            "dns_name": "main-backend-1392916355.ap-south-1.elb.amazonaws.com",
            "health_check": [
              {
                "healthy_threshold": 2,
                "interval": 30,
                "target": "HTTP:443/api/v1/health",
                "timeout": 5,
                "unhealthy_threshold": 2
              }
            ],
            "id": "main-backend",
            "idle_timeout": 60,
            "instances": [],
            "internal": false,
            "listener": [
              {
                "instance_port": 443,
                "instance_protocol": "http",
                "lb_port": 443,
                "lb_protocol": "https",
                "ssl_certificate_id": "arn:aws:acm:ap-south-1:532966529438:certificate/d355cc9b-d1fe-474a-9901-e219cf4c5be6"
              }
            ],
            "name": "main-backend",
            "name_prefix": null,
            "security_groups": [
              "sg-0d9db7d1344b22e76"
            ],
            "source_security_group": "532966529438/elb",
            "source_security_group_id": "sg-0d9db7d1344b22e76",
            "subnets": [
              "subnet-031bc48b5f2da96d7"
            ],
            "tags": {
              "Name": "main-backend"
            },
            "tags_all": {
              "Name": "main-backend"
            },
            "timeouts": null,
            "zone_id": "ZP97RAFLXTNZK"
          },
          "sensitive_attributes": [],
          "private": "eyJlMmJmYjczMC1lY2FhLTExZTYtOGY4OC0zNDM2M2JjN2M0YzAiOnsiY3JlYXRlIjozMDAwMDAwMDAwMDAsInVwZGF0ZSI6MzAwMDAwMDAwMDAwfX0=",
          "dependencies": [
            "aws_security_group.https",
            "module.vpc.aws_subnet.public",
            "module.vpc.aws_vpc.this",
            "module.vpc.aws_vpc_ipv4_cidr_block_association.this"
          ]
        }
      ]
    },
    {
      "module": "module.elb.module.elb_attachment",
      "mode": "managed",
      "type": "aws_elb_attachment",
      "name": "this",
      "provider": "provider[\"registry.terraform.io/hashicorp/aws\"]",
      "instances": []
    },
    {
      "module": "module.vpc",
      "mode": "managed",
      "type": "aws_default_network_acl",
      "name": "this",
      "provider": "provider[\"registry.terraform.io/hashicorp/aws\"]",
      "instances": [
        {
          "index_key": 0,
          "schema_version": 0,
          "attributes": {
            "arn": "arn:aws:ec2:ap-south-1:532966529438:network-acl/acl-0b8ba94cf50d49da5",
            "default_network_acl_id": "acl-0b8ba94cf50d49da5",
            "egress": [
              {
                "action": "allow",
                "cidr_block": "",
                "from_port": 0,
                "icmp_code": 0,
                "icmp_type": 0,
                "ipv6_cidr_block": "::/0",
                "protocol": "-1",
                "rule_no": 101,
                "to_port": 0
              },
              {
                "action": "allow",
                "cidr_block": "0.0.0.0/0",
                "from_port": 0,
                "icmp_code": 0,
                "icmp_type": 0,
                "ipv6_cidr_block": "",
                "protocol": "-1",
                "rule_no": 100,
                "to_port": 0
              }
            ],
            "id": "acl-0b8ba94cf50d49da5",
            "ingress": [
              {
                "action": "allow",
                "cidr_block": "",
                "from_port": 0,
                "icmp_code": 0,
                "icmp_type": 0,
                "ipv6_cidr_block": "::/0",
                "protocol": "-1",
                "rule_no": 101,
                "to_port": 0
              },
              {
                "action": "allow",
                "cidr_block": "0.0.0.0/0",
                "from_port": 0,
                "icmp_code": 0,
                "icmp_type": 0,
                "ipv6_cidr_block": "",
                "protocol": "-1",
                "rule_no": 100,
                "to_port": 0
              }
            ],
            "owner_id": "532966529438",
            "subnet_ids": [
              "subnet-031bc48b5f2da96d7"
            ],
            "tags": {
              "Name": "vpc-default"
            },
            "tags_all": {
              "Name": "vpc-default"
            },
            "vpc_id": "vpc-091abc46e6b8a0575"
          },
          "sensitive_attributes": [],
          "private": "bnVsbA==",
          "dependencies": [
            "module.vpc.aws_vpc.this"
          ]
        }
      ]
    },
    {
      "module": "module.vpc",
      "mode": "managed",
      "type": "aws_default_route_table",
      "name": "default",
      "provider": "provider[\"registry.terraform.io/hashicorp/aws\"]",
      "instances": [
        {
          "index_key": 0,
          "schema_version": 0,
          "attributes": {
            "arn": "arn:aws:ec2:ap-south-1:532966529438:route-table/rtb-02b4e7d13c0f42cf6",
            "default_route_table_id": "rtb-02b4e7d13c0f42cf6",
            "id": "rtb-02b4e7d13c0f42cf6",
            "owner_id": "532966529438",
            "propagating_vgws": [],
            "route": [],
            "tags": {
              "Name": "vpc-default"
            },
            "tags_all": {
              "Name": "vpc-default"
            },
            "timeouts": {
              "create": "5m",
              "update": "5m"
            },
            "vpc_id": "vpc-091abc46e6b8a0575"
          },
          "sensitive_attributes": [],
          "private": "eyJlMmJmYjczMC1lY2FhLTExZTYtOGY4OC0zNDM2M2JjN2M0YzAiOnsiY3JlYXRlIjozMDAwMDAwMDAwMDAsInVwZGF0ZSI6MzAwMDAwMDAwMDAwfX0=",
          "dependencies": [
            "module.vpc.aws_vpc.this"
          ]
        }
      ]
    },
    {
      "module": "module.vpc",
      "mode": "managed",
      "type": "aws_default_security_group",
      "name": "this",
      "provider": "provider[\"registry.terraform.io/hashicorp/aws\"]",
      "instances": [
        {
          "index_key": 0,
          "schema_version": 1,
          "attributes": {
            "arn": "arn:aws:ec2:ap-south-1:532966529438:security-group/sg-04ad8e6c12b334322",
            "description": "default VPC security group",
            "egress": [],
            "id": "sg-04ad8e6c12b334322",
            "ingress": [],
            "name": "default",
            "name_prefix": "",
            "owner_id": "532966529438",
            "revoke_rules_on_delete": false,
            "tags": {
              "Name": "vpc-default"
            },
            "tags_all": {
              "Name": "vpc-default"
            },
            "vpc_id": "vpc-091abc46e6b8a0575"
          },
          "sensitive_attributes": [],
          "private": "eyJzY2hlbWFfdmVyc2lvbiI6IjEifQ==",
          "dependencies": [
            "module.vpc.aws_vpc.this"
          ]
        }
      ]
    },
    {
      "module": "module.vpc",
      "mode": "managed",
      "type": "aws_internet_gateway",
      "name": "this",
      "provider": "provider[\"registry.terraform.io/hashicorp/aws\"]",
      "instances": [
        {
          "index_key": 0,
          "schema_version": 0,
          "attributes": {
            "arn": "arn:aws:ec2:ap-south-1:532966529438:internet-gateway/igw-0352679ecc6815f41",
            "id": "igw-0352679ecc6815f41",
            "owner_id": "532966529438",
            "tags": {
              "Name": "vpc"
            },
            "tags_all": {
              "Name": "vpc"
            },
            "timeouts": null,
            "vpc_id": "vpc-091abc46e6b8a0575"
          },
          "sensitive_attributes": [],
          "private": "eyJlMmJmYjczMC1lY2FhLTExZTYtOGY4OC0zNDM2M2JjN2M0YzAiOnsiY3JlYXRlIjoxMjAwMDAwMDAwMDAwLCJkZWxldGUiOjEyMDAwMDAwMDAwMDAsInVwZGF0ZSI6MTIwMDAwMDAwMDAwMH19",
          "dependencies": [
            "module.vpc.aws_vpc.this",
            "module.vpc.aws_vpc_ipv4_cidr_block_association.this"
          ]
        }
      ]
    },
    {
      "module": "module.vpc",
      "mode": "managed",
      "type": "aws_route",
      "name": "public_internet_gateway",
      "provider": "provider[\"registry.terraform.io/hashicorp/aws\"]",
      "instances": [
        {
          "index_key": 0,
          "schema_version": 0,
          "attributes": {
            "carrier_gateway_id": "",
            "core_network_arn": "",
            "destination_cidr_block": "0.0.0.0/0",
            "destination_ipv6_cidr_block": "",
            "destination_prefix_list_id": "",
            "egress_only_gateway_id": "",
            "gateway_id": "igw-0352679ecc6815f41",
            "id": "r-rtb-0ee0c5481ab64ed1e1080289494",
            "instance_id": "",
            "instance_owner_id": "",
            "local_gateway_id": "",
            "nat_gateway_id": "",
            "network_interface_id": "",
            "origin": "CreateRoute",
            "route_table_id": "rtb-0ee0c5481ab64ed1e",
            "state": "active",
            "timeouts": {
              "create": "5m",
              "delete": null,
              "update": null
            },
            "transit_gateway_id": "",
            "vpc_endpoint_id": "",
            "vpc_peering_connection_id": ""
          },
          "sensitive_attributes": [],
          "private": "eyJlMmJmYjczMC1lY2FhLTExZTYtOGY4OC0zNDM2M2JjN2M0YzAiOnsiY3JlYXRlIjozMDAwMDAwMDAwMDAsImRlbGV0ZSI6MzAwMDAwMDAwMDAwLCJ1cGRhdGUiOjEyMDAwMDAwMDAwMH19",
          "dependencies": [
            "module.vpc.aws_internet_gateway.this",
            "module.vpc.aws_route_table.public",
            "module.vpc.aws_vpc.this",
            "module.vpc.aws_vpc_ipv4_cidr_block_association.this"
          ]
        }
      ]
    },
    {
      "module": "module.vpc",
      "mode": "managed",
      "type": "aws_route_table",
      "name": "public",
      "provider": "provider[\"registry.terraform.io/hashicorp/aws\"]",
      "instances": [
        {
          "index_key": 0,
          "schema_version": 0,
          "attributes": {
            "arn": "arn:aws:ec2:ap-south-1:532966529438:route-table/rtb-0ee0c5481ab64ed1e",
            "id": "rtb-0ee0c5481ab64ed1e",
            "owner_id": "532966529438",
            "propagating_vgws": [],
            "route": [
              {
                "carrier_gateway_id": "",
                "cidr_block": "0.0.0.0/0",
                "core_network_arn": "",
                "destination_prefix_list_id": "",
                "egress_only_gateway_id": "",
                "gateway_id": "igw-0352679ecc6815f41",
                "ipv6_cidr_block": "",
                "local_gateway_id": "",
                "nat_gateway_id": "",
                "network_interface_id": "",
                "transit_gateway_id": "",
                "vpc_endpoint_id": "",
                "vpc_peering_connection_id": ""
              }
            ],
            "tags": {
              "Name": "vpc-public"
            },
            "tags_all": {
              "Name": "vpc-public"
            },
            "timeouts": null,
            "vpc_id": "vpc-091abc46e6b8a0575"
          },
          "sensitive_attributes": [],
          "private": "eyJlMmJmYjczMC1lY2FhLTExZTYtOGY4OC0zNDM2M2JjN2M0YzAiOnsiY3JlYXRlIjozMDAwMDAwMDAwMDAsImRlbGV0ZSI6MzAwMDAwMDAwMDAwLCJ1cGRhdGUiOjEyMDAwMDAwMDAwMH19",
          "dependencies": [
            "module.vpc.aws_vpc.this",
            "module.vpc.aws_vpc_ipv4_cidr_block_association.this"
          ]
        }
      ]
    },
    {
      "module": "module.vpc",
      "mode": "managed",
      "type": "aws_route_table_association",
      "name": "public",
      "provider": "provider[\"registry.terraform.io/hashicorp/aws\"]",
      "instances": [
        {
          "index_key": 0,
          "schema_version": 0,
          "attributes": {
            "gateway_id": "",
            "id": "rtbassoc-0aaa82294b7067615",
            "route_table_id": "rtb-0ee0c5481ab64ed1e",
            "subnet_id": "subnet-031bc48b5f2da96d7",
            "timeouts": null
          },
          "sensitive_attributes": [],
          "private": "eyJlMmJmYjczMC1lY2FhLTExZTYtOGY4OC0zNDM2M2JjN2M0YzAiOnsiY3JlYXRlIjozMDAwMDAwMDAwMDAsImRlbGV0ZSI6MzAwMDAwMDAwMDAwLCJ1cGRhdGUiOjEyMDAwMDAwMDAwMH19",
          "dependencies": [
            "module.vpc.aws_route_table.public",
            "module.vpc.aws_subnet.public",
            "module.vpc.aws_vpc.this",
            "module.vpc.aws_vpc_ipv4_cidr_block_association.this"
          ]
        }
      ]
    },
    {
      "module": "module.vpc",
      "mode": "managed",
      "type": "aws_subnet",
      "name": "public",
      "provider": "provider[\"registry.terraform.io/hashicorp/aws\"]",
      "instances": [
        {
          "index_key": 0,
          "schema_version": 1,
          "attributes": {
            "arn": "arn:aws:ec2:ap-south-1:532966529438:subnet/subnet-031bc48b5f2da96d7",
            "assign_ipv6_address_on_creation": false,
            "availability_zone": "ap-south-1a",
            "availability_zone_id": "aps1-az1",
            "cidr_block": "10.0.1.0/24",
            "customer_owned_ipv4_pool": "",
            "enable_dns64": false,
            "enable_lni_at_device_index": 0,
            "enable_resource_name_dns_a_record_on_launch": false,
            "enable_resource_name_dns_aaaa_record_on_launch": false,
            "id": "subnet-031bc48b5f2da96d7",
            "ipv6_cidr_block": "",
            "ipv6_cidr_block_association_id": "",
            "ipv6_native": false,
            "map_customer_owned_ip_on_launch": false,
            "map_public_ip_on_launch": false,
            "outpost_arn": "",
            "owner_id": "532966529438",
            "private_dns_hostname_type_on_launch": "ip-name",
            "tags": {
              "Name": "vpc-public-ap-south-1a"
            },
            "tags_all": {
              "Name": "vpc-public-ap-south-1a"
            },
            "timeouts": null,
            "vpc_id": "vpc-091abc46e6b8a0575"
          },
          "sensitive_attributes": [],
          "private": "eyJlMmJmYjczMC1lY2FhLTExZTYtOGY4OC0zNDM2M2JjN2M0YzAiOnsiY3JlYXRlIjo2MDAwMDAwMDAwMDAsImRlbGV0ZSI6MTIwMDAwMDAwMDAwMH0sInNjaGVtYV92ZXJzaW9uIjoiMSJ9",
          "dependencies": [
            "module.vpc.aws_vpc.this",
            "module.vpc.aws_vpc_ipv4_cidr_block_association.this"
          ]
        }
      ]
    },
    {
      "module": "module.vpc",
      "mode": "managed",
      "type": "aws_vpc",
      "name": "this",
      "provider": "provider[\"registry.terraform.io/hashicorp/aws\"]",
      "instances": [
        {
          "index_key": 0,
          "schema_version": 1,
          "attributes": {
            "arn": "arn:aws:ec2:ap-south-1:532966529438:vpc/vpc-091abc46e6b8a0575",
            "assign_generated_ipv6_cidr_block": false,
            "cidr_block": "10.0.0.0/16",
            "default_network_acl_id": "acl-0b8ba94cf50d49da5",
            "default_route_table_id": "rtb-02b4e7d13c0f42cf6",
            "default_security_group_id": "sg-04ad8e6c12b334322",
            "dhcp_options_id": "dopt-028025674a88216ba",
            "enable_dns_hostnames": true,
            "enable_dns_support": true,
            "enable_network_address_usage_metrics": false,
            "id": "vpc-091abc46e6b8a0575",
            "instance_tenancy": "default",
            "ipv4_ipam_pool_id": null,
            "ipv4_netmask_length": null,
            "ipv6_association_id": "",
            "ipv6_cidr_block": "",
            "ipv6_cidr_block_network_border_group": "",
            "ipv6_ipam_pool_id": "",
            "ipv6_netmask_length": 0,
            "main_route_table_id": "rtb-02b4e7d13c0f42cf6",
            "owner_id": "532966529438",
            "tags": {
              "Name": "vpc"
            },
            "tags_all": {
              "Name": "vpc"
            }
          },
          "sensitive_attributes": [],
          "private": "eyJzY2hlbWFfdmVyc2lvbiI6IjEifQ=="
        }
      ]
    },
    {
      "module": "module.vpc",
      "mode": "managed",
      "type": "aws_vpc_ipv4_cidr_block_association",
      "name": "this",
      "provider": "provider[\"registry.terraform.io/hashicorp/aws\"]",
      "instances": []
    }
  ],
  "check_results": null
}
