{
  "version": 4,
  "terraform_version": "1.9.5",
  "serial": 86,
  "lineage": "d63415b8-ec3d-5b03-a0ec-79dd216081fd",
  "outputs": {
    "alb_arn": {
      "value": "arn:aws:elasticloadbalancing:ap-south-1:886436939122:loadbalancer/app/whatsnxt-lb-prod/01499627d40f5a03",
      "type": "string"
    },
    "alb_dns_name": {
      "value": "whatsnxt-lb-prod-942788256.ap-south-1.elb.amazonaws.com",
      "type": "string"
    },
    "alb_security_group_id": {
      "value": "sg-05ebd7bf6c63483f9",
      "type": "string"
    },
    "alb_zone_id": {
      "value": "ZP97RAFLXTNZK",
      "type": "string"
    },
    "app_version_string": {
      "value": "prod-v4.357",
      "type": "string"
    },
    "ec2_security_group_id": {
      "value": "sg-0ae69507b90a4844a",
      "type": "string"
    },
    "iam_instance_profile_name": {
      "value": "whatsnxt-ec2-instance-profile",
      "type": "string"
    },
    "instance_id": {
      "value": "i-0baa0ecd676b33578",
      "type": "string"
    },
    "listener_arn": {
      "value": "arn:aws:elasticloadbalancing:ap-south-1:886436939122:listener/app/whatsnxt-lb-prod/01499627d40f5a03/fe69b2df13cfd782",
      "type": "string"
    },
    "private_subnets": {
      "value": [
        "subnet-0f74bb34f120418df",
        "subnet-057a2e4687130a2b0"
      ],
      "type": [
        "tuple",
        [
          "string",
          "string"
        ]
      ]
    },
    "public_ip": {
      "value": "65.2.179.175",
      "type": "string"
    },
    "public_subnets": {
      "value": [
        "subnet-011d0113d4d0a44f7",
        "subnet-038317eaafe546cb3"
      ],
      "type": [
        "tuple",
        [
          "string",
          "string"
        ]
      ]
    },
    "sns_topic_arn": {
      "value": "arn:aws:sns:ap-south-1:886436939122:whatsnxt-notification-topic",
      "type": "string"
    },
    "ssh_connect_string": {
      "value": "ssh -i /Users/arjun/.ssh/whatsnxt ec2-user@65.2.179.175",
      "type": "string"
    },
    "ssh_private_key": {
      "value": "/Users/arjun/.ssh/whatsnxt",
      "type": "string"
    },
    "target_group_arn": {
      "value": "arn:aws:elasticloadbalancing:ap-south-1:886436939122:targetgroup/whatsnxt-tg-prod/a9e451d732a66d14",
      "type": "string"
    },
    "vpc_id": {
      "value": "vpc-0c9c05922529880ec",
      "type": "string"
    }
  },
  "resources": [
    {
      "mode": "managed",
      "type": "aws_cloudwatch_composite_alarm",
      "name": "whatsnxt_alarm",
      "provider": "provider[\"registry.terraform.io/hashicorp/aws\"]",
      "instances": [
        {
          "schema_version": 0,
          "attributes": {
            "actions_enabled": true,
            "actions_suppressor": [],
            "alarm_actions": [
              "arn:aws:sns:ap-south-1:886436939122:whatsnxt-notification-topic"
            ],
            "alarm_description": "Whatsnxt Alarm when both ALB health check and EC2 CPU utilization conditions are met",
            "alarm_name": "whatsnxt-ServerDownAlarm",
            "alarm_rule": "ALARM(whatsnxt-ALBHealthCheckAlarm) AND ALARM(whatsnxt-EC2CPUUtilizationAlarm)",
            "arn": "arn:aws:cloudwatch:ap-south-1:886436939122:alarm:whatsnxt-ServerDownAlarm",
            "id": "whatsnxt-ServerDownAlarm",
            "insufficient_data_actions": [],
            "ok_actions": [],
            "region": "ap-south-1",
            "tags": {
              "Application": "whatsnxt",
              "Environment": "prod"
            },
            "tags_all": {
              "Application": "whatsnxt",
              "Environment": "prod"
            }
          },
          "sensitive_attributes": [],
          "private": "bnVsbA==",
          "dependencies": [
            "aws_cloudwatch_metric_alarm.alb_health_check_alarm",
            "aws_cloudwatch_metric_alarm.ec2_cpu_utilization_alarm",
            "aws_iam_instance_profile.ec2_instance_profile",
            "aws_iam_role.ec2_role",
            "aws_key_pair.key_pair",
            "aws_lb.whatsnxt_alb",
            "aws_security_group.alb_sg",
            "aws_security_group.ec2_sg",
            "aws_sns_topic.notification_topic",
            "module.ec2_instance.aws_iam_instance_profile.this",
            "module.ec2_instance.aws_iam_role.this",
            "module.ec2_instance.aws_instance.ignore_ami",
            "module.ec2_instance.aws_instance.this",
            "module.ec2_instance.aws_security_group.this",
            "module.ec2_instance.aws_spot_instance_request.this",
            "module.ec2_instance.data.aws_iam_policy_document.assume_role_policy",
            "module.ec2_instance.data.aws_partition.current",
            "module.ec2_instance.data.aws_ssm_parameter.this",
            "module.ec2_instance.data.aws_subnet.this",
            "module.vpc.aws_subnet.public",
            "module.vpc.aws_vpc.this",
            "module.vpc.aws_vpc_ipv4_cidr_block_association.this",
            "tls_private_key.ed25519_key"
          ],
          "create_before_destroy": true
        }
      ]
    },
    {
      "mode": "managed",
      "type": "aws_cloudwatch_log_group",
      "name": "whatsnxt_dev_logs",
      "provider": "provider[\"registry.terraform.io/hashicorp/aws\"]",
      "instances": [
        {
          "schema_version": 0,
          "attributes": {
            "arn": "arn:aws:logs:ap-south-1:886436939122:log-group:whatsnxt-dev-logs-group",
            "id": "whatsnxt-dev-logs-group",
            "kms_key_id": "",
            "log_group_class": "STANDARD",
            "name": "whatsnxt-dev-logs-group",
            "name_prefix": "",
            "region": "ap-south-1",
            "retention_in_days": 30,
            "skip_destroy": false,
            "tags": {
              "Application": "whatsnxt",
              "Environment": "dev"
            },
            "tags_all": {
              "Application": "whatsnxt",
              "Environment": "dev"
            }
          },
          "sensitive_attributes": [],
          "private": "bnVsbA=="
        }
      ]
    },
    {
      "mode": "managed",
      "type": "aws_cloudwatch_log_group",
      "name": "whatsnxt_prod_logs",
      "provider": "provider[\"registry.terraform.io/hashicorp/aws\"]",
      "instances": [
        {
          "schema_version": 0,
          "attributes": {
            "arn": "arn:aws:logs:ap-south-1:886436939122:log-group:whatsnxt-prod-logs-group",
            "id": "whatsnxt-prod-logs-group",
            "kms_key_id": "",
            "log_group_class": "STANDARD",
            "name": "whatsnxt-prod-logs-group",
            "name_prefix": "",
            "region": "ap-south-1",
            "retention_in_days": 30,
            "skip_destroy": false,
            "tags": {
              "Application": "whatsnxt",
              "Environment": "prod"
            },
            "tags_all": {
              "Application": "whatsnxt",
              "Environment": "prod"
            }
          },
          "sensitive_attributes": [],
          "private": "bnVsbA=="
        }
      ]
    },
    {
      "mode": "managed",
      "type": "aws_cloudwatch_metric_alarm",
      "name": "alb_health_check_alarm",
      "provider": "provider[\"registry.terraform.io/hashicorp/aws\"]",
      "instances": [
        {
          "schema_version": 1,
          "attributes": {
            "actions_enabled": true,
            "alarm_actions": [],
            "alarm_description": "Alarm when ALB health check condition is met",
            "alarm_name": "whatsnxt-ALBHealthCheckAlarm",
            "arn": "arn:aws:cloudwatch:ap-south-1:886436939122:alarm:whatsnxt-ALBHealthCheckAlarm",
            "comparison_operator": "GreaterThanOrEqualToThreshold",
            "datapoints_to_alarm": 0,
            "dimensions": {
              "LoadBalancerName": "arn:aws:elasticloadbalancing:ap-south-1:886436939122:loadbalancer/app/whatsnxt-lb-prod/01499627d40f5a03"
            },
            "evaluate_low_sample_count_percentiles": "",
            "evaluation_periods": 1,
            "extended_statistic": "",
            "id": "whatsnxt-ALBHealthCheckAlarm",
            "insufficient_data_actions": [],
            "metric_name": "UnHealthyHostCount",
            "metric_query": [],
            "namespace": "AWS/ApplicationELB",
            "ok_actions": [],
            "period": 60,
            "region": "ap-south-1",
            "statistic": "Average",
            "tags": {
              "Application": "whatsnxt",
              "Environment": "prod"
            },
            "tags_all": {
              "Application": "whatsnxt",
              "Environment": "prod"
            },
            "threshold": 1,
            "threshold_metric_id": "",
            "treat_missing_data": "missing",
            "unit": ""
          },
          "sensitive_attributes": [],
          "private": "eyJzY2hlbWFfdmVyc2lvbiI6IjEifQ==",
          "dependencies": [
            "aws_lb.whatsnxt_alb",
            "aws_security_group.alb_sg",
            "module.vpc.aws_subnet.public",
            "module.vpc.aws_vpc.this",
            "module.vpc.aws_vpc_ipv4_cidr_block_association.this"
          ],
          "create_before_destroy": true
        }
      ]
    },
    {
      "mode": "managed",
      "type": "aws_cloudwatch_metric_alarm",
      "name": "ec2_cpu_utilization_alarm",
      "provider": "provider[\"registry.terraform.io/hashicorp/aws\"]",
      "instances": [
        {
          "schema_version": 1,
          "attributes": {
            "actions_enabled": true,
            "alarm_actions": [],
            "alarm_description": "Alarm when EC2 CPU utilization condition is met",
            "alarm_name": "whatsnxt-EC2CPUUtilizationAlarm",
            "arn": "arn:aws:cloudwatch:ap-south-1:886436939122:alarm:whatsnxt-EC2CPUUtilizationAlarm",
            "comparison_operator": "GreaterThanOrEqualToThreshold",
            "datapoints_to_alarm": 0,
            "dimensions": {
              "InstanceId": "i-0baa0ecd676b33578"
            },
            "evaluate_low_sample_count_percentiles": "",
            "evaluation_periods": 1,
            "extended_statistic": "",
            "id": "whatsnxt-EC2CPUUtilizationAlarm",
            "insufficient_data_actions": [],
            "metric_name": "CPUUtilization",
            "metric_query": [],
            "namespace": "AWS/EC2",
            "ok_actions": [],
            "period": 300,
            "region": "ap-south-1",
            "statistic": "Average",
            "tags": {
              "Application": "whatsnxt",
              "Environment": "prod"
            },
            "tags_all": {
              "Application": "whatsnxt",
              "Environment": "prod"
            },
            "threshold": 80,
            "threshold_metric_id": "",
            "treat_missing_data": "missing",
            "unit": ""
          },
          "sensitive_attributes": [],
          "private": "eyJzY2hlbWFfdmVyc2lvbiI6IjEifQ==",
          "dependencies": [
            "aws_iam_instance_profile.ec2_instance_profile",
            "aws_iam_role.ec2_role",
            "aws_key_pair.key_pair",
            "aws_security_group.ec2_sg",
            "module.ec2_instance.aws_iam_instance_profile.this",
            "module.ec2_instance.aws_iam_role.this",
            "module.ec2_instance.aws_instance.ignore_ami",
            "module.ec2_instance.aws_instance.this",
            "module.ec2_instance.aws_security_group.this",
            "module.ec2_instance.aws_spot_instance_request.this",
            "module.ec2_instance.data.aws_iam_policy_document.assume_role_policy",
            "module.ec2_instance.data.aws_partition.current",
            "module.ec2_instance.data.aws_ssm_parameter.this",
            "module.ec2_instance.data.aws_subnet.this",
            "module.vpc.aws_subnet.public",
            "module.vpc.aws_vpc.this",
            "module.vpc.aws_vpc_ipv4_cidr_block_association.this",
            "tls_private_key.ed25519_key"
          ],
          "create_before_destroy": true
        }
      ]
    },
    {
      "mode": "managed",
      "type": "aws_iam_instance_profile",
      "name": "ec2_instance_profile",
      "provider": "provider[\"registry.terraform.io/hashicorp/aws\"]",
      "instances": [
        {
          "schema_version": 0,
          "attributes": {
            "arn": "arn:aws:iam::886436939122:instance-profile/whatsnxt-ec2-instance-profile",
            "create_date": "2025-07-07T11:40:52Z",
            "id": "whatsnxt-ec2-instance-profile",
            "name": "whatsnxt-ec2-instance-profile",
            "name_prefix": "",
            "path": "/",
            "role": "whatsnxt-ec2-role",
            "tags": {
              "Environment": "prod",
              "Name": "whatsnxt-ec2-instance-profile"
            },
            "tags_all": {
              "Environment": "prod",
              "Name": "whatsnxt-ec2-instance-profile"
            },
            "unique_id": "AIPA44Y6CIVZGLL43U3VT"
          },
          "sensitive_attributes": [],
          "private": "bnVsbA==",
          "dependencies": [
            "aws_iam_role.ec2_role"
          ],
          "create_before_destroy": true
        }
      ]
    },
    {
      "mode": "managed",
      "type": "aws_iam_role",
      "name": "ec2_role",
      "provider": "provider[\"registry.terraform.io/hashicorp/aws\"]",
      "instances": [
        {
          "schema_version": 0,
          "attributes": {
            "arn": "arn:aws:iam::886436939122:role/whatsnxt-ec2-role",
            "assume_role_policy": "{\"Statement\":[{\"Action\":\"sts:AssumeRole\",\"Effect\":\"Allow\",\"Principal\":{\"Service\":\"ec2.amazonaws.com\"}}],\"Version\":\"2012-10-17\"}",
            "create_date": "2025-07-07T11:40:51Z",
            "description": "",
            "force_detach_policies": false,
            "id": "whatsnxt-ec2-role",
            "inline_policy": [
              {
                "name": "whatsnxt-admin-policy",
                "policy": "{\"Version\":\"2012-10-17\",\"Statement\":[{\"Action\":\"*\",\"Effect\":\"Allow\",\"Resource\":\"*\"}]}"
              }
            ],
            "managed_policy_arns": [],
            "max_session_duration": 3600,
            "name": "whatsnxt-ec2-role",
            "name_prefix": "",
            "path": "/",
            "permissions_boundary": "",
            "tags": {
              "Environment": "prod",
              "Name": "whatsnxt-ec2-role"
            },
            "tags_all": {
              "Environment": "prod",
              "Name": "whatsnxt-ec2-role"
            },
            "unique_id": "AROA44Y6CIVZD5G4DBSLM"
          },
          "sensitive_attributes": [],
          "private": "bnVsbA==",
          "create_before_destroy": true
        }
      ]
    },
    {
      "mode": "managed",
      "type": "aws_iam_role_policy",
      "name": "ec2_role_policy",
      "provider": "provider[\"registry.terraform.io/hashicorp/aws\"]",
      "instances": [
        {
          "schema_version": 0,
          "attributes": {
            "id": "whatsnxt-ec2-role:whatsnxt-admin-policy",
            "name": "whatsnxt-admin-policy",
            "name_prefix": "",
            "policy": "{\"Version\":\"2012-10-17\",\"Statement\":[{\"Action\":\"*\",\"Effect\":\"Allow\",\"Resource\":\"*\"}]}",
            "role": "whatsnxt-ec2-role"
          },
          "sensitive_attributes": [],
          "private": "bnVsbA==",
          "dependencies": [
            "aws_iam_role.ec2_role"
          ]
        }
      ]
    },
    {
      "mode": "managed",
      "type": "aws_key_pair",
      "name": "key_pair",
      "provider": "provider[\"registry.terraform.io/hashicorp/aws\"]",
      "instances": [
        {
          "schema_version": 1,
          "attributes": {
            "arn": "arn:aws:ec2:ap-south-1:886436939122:key-pair/whatsnxt",
            "fingerprint": "DyoE0CRq4t5rr6vGSCiZfwyyDbOBlrANOrh/PZ8htvA=",
            "id": "whatsnxt",
            "key_name": "whatsnxt",
            "key_name_prefix": "",
            "key_pair_id": "key-00832f00edfa6286c",
            "key_type": "ed25519",
            "public_key": "ssh-ed25519 AAAAC3NzaC1lZDI1NTE5AAAAIAj4JvjxbpOyWWzOeyA2gaU00qmAUWRHOjX69cKfXMjS",
            "region": "ap-south-1",
            "tags": {
              "Environment": "prod",
              "Name": "whatsnxt"
            },
            "tags_all": {
              "Environment": "prod",
              "Name": "whatsnxt"
            }
          },
          "sensitive_attributes": [],
          "private": "eyJzY2hlbWFfdmVyc2lvbiI6IjEifQ==",
          "dependencies": [
            "tls_private_key.ed25519_key"
          ],
          "create_before_destroy": true
        }
      ]
    },
    {
      "mode": "managed",
      "type": "aws_lb",
      "name": "whatsnxt_alb",
      "provider": "provider[\"registry.terraform.io/hashicorp/aws\"]",
      "instances": [
        {
          "schema_version": 0,
          "attributes": {
            "access_logs": [
              {
                "bucket": "",
                "enabled": false,
                "prefix": ""
              }
            ],
            "arn": "arn:aws:elasticloadbalancing:ap-south-1:886436939122:loadbalancer/app/whatsnxt-lb-prod/01499627d40f5a03",
            "arn_suffix": "app/whatsnxt-lb-prod/01499627d40f5a03",
            "client_keep_alive": 3600,
            "connection_logs": [
              {
                "bucket": "",
                "enabled": false,
                "prefix": ""
              }
            ],
            "customer_owned_ipv4_pool": "",
            "desync_mitigation_mode": "defensive",
            "dns_name": "whatsnxt-lb-prod-942788256.ap-south-1.elb.amazonaws.com",
            "dns_record_client_routing_policy": null,
            "drop_invalid_header_fields": false,
            "enable_cross_zone_load_balancing": true,
            "enable_deletion_protection": false,
            "enable_http2": true,
            "enable_tls_version_and_cipher_suite_headers": false,
            "enable_waf_fail_open": false,
            "enable_xff_client_port": false,
            "enable_zonal_shift": false,
            "enforce_security_group_inbound_rules_on_private_link_traffic": "",
            "id": "arn:aws:elasticloadbalancing:ap-south-1:886436939122:loadbalancer/app/whatsnxt-lb-prod/01499627d40f5a03",
            "idle_timeout": 60,
            "internal": false,
            "ip_address_type": "ipv4",
            "ipam_pools": [],
            "load_balancer_type": "application",
            "minimum_load_balancer_capacity": [],
            "name": "whatsnxt-lb-prod",
            "name_prefix": "",
            "preserve_host_header": false,
            "region": "ap-south-1",
            "security_groups": [
              "sg-05ebd7bf6c63483f9"
            ],
            "subnet_mapping": [
              {
                "allocation_id": "",
                "ipv6_address": "",
                "outpost_id": "",
                "private_ipv4_address": "",
                "subnet_id": "subnet-011d0113d4d0a44f7"
              },
              {
                "allocation_id": "",
                "ipv6_address": "",
                "outpost_id": "",
                "private_ipv4_address": "",
                "subnet_id": "subnet-038317eaafe546cb3"
              }
            ],
            "subnets": [
              "subnet-011d0113d4d0a44f7",
              "subnet-038317eaafe546cb3"
            ],
            "tags": {
              "Environment": "prod",
              "Name": "whatsnxt-alb"
            },
            "tags_all": {
              "Environment": "prod",
              "Name": "whatsnxt-alb"
            },
            "timeouts": null,
            "vpc_id": "vpc-0c9c05922529880ec",
            "xff_header_processing_mode": "append",
            "zone_id": "ZP97RAFLXTNZK"
          },
          "sensitive_attributes": [],
          "private": "eyJlMmJmYjczMC1lY2FhLTExZTYtOGY4OC0zNDM2M2JjN2M0YzAiOnsiY3JlYXRlIjo2MDAwMDAwMDAwMDAsImRlbGV0ZSI6NjAwMDAwMDAwMDAwLCJ1cGRhdGUiOjYwMDAwMDAwMDAwMH19",
          "dependencies": [
            "aws_security_group.alb_sg",
            "module.vpc.aws_subnet.public",
            "module.vpc.aws_vpc.this",
            "module.vpc.aws_vpc_ipv4_cidr_block_association.this"
          ],
          "create_before_destroy": true
        }
      ]
    },
    {
      "mode": "managed",
      "type": "aws_lb_listener",
      "name": "http_listener",
      "provider": "provider[\"registry.terraform.io/hashicorp/aws\"]",
      "instances": [
        {
          "schema_version": 0,
          "attributes": {
            "alpn_policy": null,
            "arn": "arn:aws:elasticloadbalancing:ap-south-1:886436939122:listener/app/whatsnxt-lb-prod/01499627d40f5a03/e1b785def309de5b",
            "certificate_arn": null,
            "default_action": [
              {
                "authenticate_cognito": [],
                "authenticate_oidc": [],
                "fixed_response": [],
                "forward": [],
                "order": 1,
                "redirect": [
                  {
                    "host": "#{host}",
                    "path": "/#{path}",
                    "port": "443",
                    "protocol": "HTTPS",
                    "query": "#{query}",
                    "status_code": "HTTP_301"
                  }
                ],
                "target_group_arn": "",
                "type": "redirect"
              }
            ],
            "id": "arn:aws:elasticloadbalancing:ap-south-1:886436939122:listener/app/whatsnxt-lb-prod/01499627d40f5a03/e1b785def309de5b",
            "load_balancer_arn": "arn:aws:elasticloadbalancing:ap-south-1:886436939122:loadbalancer/app/whatsnxt-lb-prod/01499627d40f5a03",
            "mutual_authentication": [],
            "port": 80,
            "protocol": "HTTP",
            "region": "ap-south-1",
            "routing_http_request_x_amzn_mtls_clientcert_header_name": null,
            "routing_http_request_x_amzn_mtls_clientcert_issuer_header_name": null,
            "routing_http_request_x_amzn_mtls_clientcert_leaf_header_name": null,
            "routing_http_request_x_amzn_mtls_clientcert_serial_number_header_name": null,
            "routing_http_request_x_amzn_mtls_clientcert_subject_header_name": null,
            "routing_http_request_x_amzn_mtls_clientcert_validity_header_name": null,
            "routing_http_request_x_amzn_tls_cipher_suite_header_name": null,
            "routing_http_request_x_amzn_tls_version_header_name": null,
            "routing_http_response_access_control_allow_credentials_header_value": "",
            "routing_http_response_access_control_allow_headers_header_value": "",
            "routing_http_response_access_control_allow_methods_header_value": "",
            "routing_http_response_access_control_allow_origin_header_value": "",
            "routing_http_response_access_control_expose_headers_header_value": "",
            "routing_http_response_access_control_max_age_header_value": "",
            "routing_http_response_content_security_policy_header_value": "",
            "routing_http_response_server_enabled": true,
            "routing_http_response_strict_transport_security_header_value": "",
            "routing_http_response_x_content_type_options_header_value": "",
            "routing_http_response_x_frame_options_header_value": "",
            "ssl_policy": "",
            "tags": {
              "Environment": "prod",
              "Name": "whatsnxt-http-listener"
            },
            "tags_all": {
              "Environment": "prod",
              "Name": "whatsnxt-http-listener"
            },
            "tcp_idle_timeout_seconds": null,
            "timeouts": null
          },
          "sensitive_attributes": [],
          "private": "eyJlMmJmYjczMC1lY2FhLTExZTYtOGY4OC0zNDM2M2JjN2M0YzAiOnsiY3JlYXRlIjozMDAwMDAwMDAwMDAsInVwZGF0ZSI6MzAwMDAwMDAwMDAwfX0=",
          "dependencies": [
            "aws_lb.whatsnxt_alb",
            "aws_security_group.alb_sg",
            "module.vpc.aws_subnet.public",
            "module.vpc.aws_vpc.this",
            "module.vpc.aws_vpc_ipv4_cidr_block_association.this"
          ]
        }
      ]
    },
    {
      "mode": "managed",
      "type": "aws_lb_listener",
      "name": "https_listener",
      "provider": "provider[\"registry.terraform.io/hashicorp/aws\"]",
      "instances": [
        {
          "schema_version": 0,
          "attributes": {
            "alpn_policy": null,
            "arn": "arn:aws:elasticloadbalancing:ap-south-1:886436939122:listener/app/whatsnxt-lb-prod/01499627d40f5a03/fe69b2df13cfd782",
            "certificate_arn": "arn:aws:acm:ap-south-1:886436939122:certificate/fec87df2-4ae6-4ebe-bc08-c243e8209136",
            "default_action": [
              {
                "authenticate_cognito": [],
                "authenticate_oidc": [],
                "fixed_response": [],
                "forward": [],
                "order": 1,
                "redirect": [],
                "target_group_arn": "arn:aws:elasticloadbalancing:ap-south-1:886436939122:targetgroup/whatsnxt-tg-prod/a9e451d732a66d14",
                "type": "forward"
              }
            ],
            "id": "arn:aws:elasticloadbalancing:ap-south-1:886436939122:listener/app/whatsnxt-lb-prod/01499627d40f5a03/fe69b2df13cfd782",
            "load_balancer_arn": "arn:aws:elasticloadbalancing:ap-south-1:886436939122:loadbalancer/app/whatsnxt-lb-prod/01499627d40f5a03",
            "mutual_authentication": [
              {
                "advertise_trust_store_ca_names": "",
                "ignore_client_certificate_expiry": false,
                "mode": "off",
                "trust_store_arn": ""
              }
            ],
            "port": 443,
            "protocol": "HTTPS",
            "region": "ap-south-1",
            "routing_http_request_x_amzn_mtls_clientcert_header_name": "",
            "routing_http_request_x_amzn_mtls_clientcert_issuer_header_name": "",
            "routing_http_request_x_amzn_mtls_clientcert_leaf_header_name": "",
            "routing_http_request_x_amzn_mtls_clientcert_serial_number_header_name": "",
            "routing_http_request_x_amzn_mtls_clientcert_subject_header_name": "",
            "routing_http_request_x_amzn_mtls_clientcert_validity_header_name": "",
            "routing_http_request_x_amzn_tls_cipher_suite_header_name": "",
            "routing_http_request_x_amzn_tls_version_header_name": "",
            "routing_http_response_access_control_allow_credentials_header_value": "",
            "routing_http_response_access_control_allow_headers_header_value": "",
            "routing_http_response_access_control_allow_methods_header_value": "",
            "routing_http_response_access_control_allow_origin_header_value": "",
            "routing_http_response_access_control_expose_headers_header_value": "",
            "routing_http_response_access_control_max_age_header_value": "",
            "routing_http_response_content_security_policy_header_value": "",
            "routing_http_response_server_enabled": true,
            "routing_http_response_strict_transport_security_header_value": "",
            "routing_http_response_x_content_type_options_header_value": "",
            "routing_http_response_x_frame_options_header_value": "",
            "ssl_policy": "ELBSecurityPolicy-2016-08",
            "tags": {
              "Environment": "prod",
              "Name": "whatsnxt-https-listener"
            },
            "tags_all": {
              "Environment": "prod",
              "Name": "whatsnxt-https-listener"
            },
            "tcp_idle_timeout_seconds": null,
            "timeouts": null
          },
          "sensitive_attributes": [],
          "private": "eyJlMmJmYjczMC1lY2FhLTExZTYtOGY4OC0zNDM2M2JjN2M0YzAiOnsiY3JlYXRlIjozMDAwMDAwMDAwMDAsInVwZGF0ZSI6MzAwMDAwMDAwMDAwfX0=",
          "dependencies": [
            "aws_lb.whatsnxt_alb",
            "aws_lb_target_group.whatsnxt_app_tg",
            "aws_security_group.alb_sg",
            "module.vpc.aws_subnet.public",
            "module.vpc.aws_vpc.this",
            "module.vpc.aws_vpc_ipv4_cidr_block_association.this"
          ]
        }
      ]
    },
    {
      "mode": "managed",
      "type": "aws_lb_listener_certificate",
      "name": "whatsnxt_cert",
      "provider": "provider[\"registry.terraform.io/hashicorp/aws\"]",
      "instances": [
        {
          "schema_version": 0,
          "attributes": {
            "certificate_arn": "arn:aws:acm:ap-south-1:886436939122:certificate/fec87df2-4ae6-4ebe-bc08-c243e8209136",
            "id": "arn:aws:elasticloadbalancing:ap-south-1:886436939122:listener/app/whatsnxt-lb-prod/01499627d40f5a03/fe69b2df13cfd782_arn:aws:acm:ap-south-1:886436939122:certificate/fec87df2-4ae6-4ebe-bc08-c243e8209136",
            "listener_arn": "arn:aws:elasticloadbalancing:ap-south-1:886436939122:listener/app/whatsnxt-lb-prod/01499627d40f5a03/fe69b2df13cfd782",
            "region": "ap-south-1"
          },
          "sensitive_attributes": [],
          "private": "bnVsbA==",
          "dependencies": [
            "aws_lb.whatsnxt_alb",
            "aws_lb_listener.https_listener",
            "aws_lb_target_group.whatsnxt_app_tg",
            "aws_security_group.alb_sg",
            "module.vpc.aws_subnet.public",
            "module.vpc.aws_vpc.this",
            "module.vpc.aws_vpc_ipv4_cidr_block_association.this"
          ]
        }
      ]
    },
    {
      "mode": "managed",
      "type": "aws_lb_listener_rule",
      "name": "api_path_routing",
      "provider": "provider[\"registry.terraform.io/hashicorp/aws\"]",
      "instances": [
        {
          "schema_version": 0,
          "attributes": {
            "action": [
              {
                "authenticate_cognito": [],
                "authenticate_oidc": [],
                "fixed_response": [],
                "forward": [],
                "order": 1,
                "redirect": [],
                "target_group_arn": "arn:aws:elasticloadbalancing:ap-south-1:886436939122:targetgroup/whatsnxt-tg-prod/a9e451d732a66d14",
                "type": "forward"
              }
            ],
            "arn": "arn:aws:elasticloadbalancing:ap-south-1:886436939122:listener-rule/app/whatsnxt-lb-prod/01499627d40f5a03/fe69b2df13cfd782/30aa0a122e1b25fe",
            "condition": [
              {
                "host_header": [
                  {
                    "values": [
                      "whatsnxt.in",
                      "www.whatsnxt.in"
                    ]
                  }
                ],
                "http_header": [],
                "http_request_method": [],
                "path_pattern": [],
                "query_string": [],
                "source_ip": []
              },
              {
                "host_header": [],
                "http_header": [
                  {
                    "http_header_name": "Origin",
                    "values": [
                      "https://whatsnxt.in",
                      "https://www.whatsnxt.in"
                    ]
                  }
                ],
                "http_request_method": [],
                "path_pattern": [],
                "query_string": [],
                "source_ip": []
              },
              {
                "host_header": [],
                "http_header": [],
                "http_request_method": [],
                "path_pattern": [
                  {
                    "values": [
                      "/api/*"
                    ]
                  }
                ],
                "query_string": [],
                "source_ip": []
              }
            ],
            "id": "arn:aws:elasticloadbalancing:ap-south-1:886436939122:listener-rule/app/whatsnxt-lb-prod/01499627d40f5a03/fe69b2df13cfd782/30aa0a122e1b25fe",
            "listener_arn": "arn:aws:elasticloadbalancing:ap-south-1:886436939122:listener/app/whatsnxt-lb-prod/01499627d40f5a03/fe69b2df13cfd782",
            "priority": 101,
            "region": "ap-south-1",
            "tags": {
              "Environment": "prod",
              "Name": "API Path Routing",
              "Purpose": "Route API paths to backend with CORS validation"
            },
            "tags_all": {
              "Environment": "prod",
              "Name": "API Path Routing",
              "Purpose": "Route API paths to backend with CORS validation"
            }
          },
          "sensitive_attributes": [],
          "private": "bnVsbA==",
          "dependencies": [
            "aws_lb.whatsnxt_alb",
            "aws_lb_listener.https_listener",
            "aws_lb_target_group.whatsnxt_app_tg",
            "aws_security_group.alb_sg",
            "module.vpc.aws_subnet.public",
            "module.vpc.aws_vpc.this",
            "module.vpc.aws_vpc_ipv4_cidr_block_association.this"
          ]
        }
      ]
    },
    {
      "mode": "managed",
      "type": "aws_lb_listener_rule",
      "name": "api_subdomain_routing",
      "provider": "provider[\"registry.terraform.io/hashicorp/aws\"]",
      "instances": [
        {
          "schema_version": 0,
          "attributes": {
            "action": [
              {
                "authenticate_cognito": [],
                "authenticate_oidc": [],
                "fixed_response": [],
                "forward": [],
                "order": 1,
                "redirect": [],
                "target_group_arn": "arn:aws:elasticloadbalancing:ap-south-1:886436939122:targetgroup/whatsnxt-tg-prod/a9e451d732a66d14",
                "type": "forward"
              }
            ],
            "arn": "arn:aws:elasticloadbalancing:ap-south-1:886436939122:listener-rule/app/whatsnxt-lb-prod/01499627d40f5a03/fe69b2df13cfd782/75de9dc23cb0d035",
            "condition": [
              {
                "host_header": [
                  {
                    "values": [
                      "api.whatsnxt.in"
                    ]
                  }
                ],
                "http_header": [],
                "http_request_method": [],
                "path_pattern": [],
                "query_string": [],
                "source_ip": []
              },
              {
                "host_header": [],
                "http_header": [
                  {
                    "http_header_name": "Origin",
                    "values": [
                      "https://whatsnxt.in",
                      "https://www.whatsnxt.in"
                    ]
                  }
                ],
                "http_request_method": [],
                "path_pattern": [],
                "query_string": [],
                "source_ip": []
              }
            ],
            "id": "arn:aws:elasticloadbalancing:ap-south-1:886436939122:listener-rule/app/whatsnxt-lb-prod/01499627d40f5a03/fe69b2df13cfd782/75de9dc23cb0d035",
            "listener_arn": "arn:aws:elasticloadbalancing:ap-south-1:886436939122:listener/app/whatsnxt-lb-prod/01499627d40f5a03/fe69b2df13cfd782",
            "priority": 100,
            "region": "ap-south-1",
            "tags": {
              "Environment": "prod",
              "Name": "API Subdomain Routing",
              "Purpose": "Route API subdomain to backend with CORS validation"
            },
            "tags_all": {
              "Environment": "prod",
              "Name": "API Subdomain Routing",
              "Purpose": "Route API subdomain to backend with CORS validation"
            }
          },
          "sensitive_attributes": [],
          "private": "bnVsbA==",
          "dependencies": [
            "aws_lb.whatsnxt_alb",
            "aws_lb_listener.https_listener",
            "aws_lb_target_group.whatsnxt_app_tg",
            "aws_security_group.alb_sg",
            "module.vpc.aws_subnet.public",
            "module.vpc.aws_vpc.this",
            "module.vpc.aws_vpc_ipv4_cidr_block_association.this"
          ]
        }
      ]
    },
    {
      "mode": "managed",
      "type": "aws_lb_listener_rule",
      "name": "service_identifier_routing",
      "provider": "provider[\"registry.terraform.io/hashicorp/aws\"]",
      "instances": [
        {
          "schema_version": 0,
          "attributes": {
            "action": [
              {
                "authenticate_cognito": [],
                "authenticate_oidc": [],
                "fixed_response": [],
                "forward": [],
                "order": 1,
                "redirect": [],
                "target_group_arn": "arn:aws:elasticloadbalancing:ap-south-1:886436939122:targetgroup/whatsnxt-tg-prod/a9e451d732a66d14",
                "type": "forward"
              }
            ],
            "arn": "arn:aws:elasticloadbalancing:ap-south-1:886436939122:listener-rule/app/whatsnxt-lb-prod/01499627d40f5a03/fe69b2df13cfd782/8d90ac34645286b5",
            "condition": [
              {
                "host_header": [],
                "http_header": [
                  {
                    "http_header_name": "X-Service-Identifier",
                    "values": [
                      "whatsnxt.in"
                    ]
                  }
                ],
                "http_request_method": [],
                "path_pattern": [],
                "query_string": [],
                "source_ip": []
              }
            ],
            "id": "arn:aws:elasticloadbalancing:ap-south-1:886436939122:listener-rule/app/whatsnxt-lb-prod/01499627d40f5a03/fe69b2df13cfd782/8d90ac34645286b5",
            "listener_arn": "arn:aws:elasticloadbalancing:ap-south-1:886436939122:listener/app/whatsnxt-lb-prod/01499627d40f5a03/fe69b2df13cfd782",
            "priority": 110,
            "region": "ap-south-1",
            "tags": {
              "Environment": "prod",
              "Name": "Service Identifier Routing",
              "Purpose": "Route based on service identifier header"
            },
            "tags_all": {
              "Environment": "prod",
              "Name": "Service Identifier Routing",
              "Purpose": "Route based on service identifier header"
            }
          },
          "sensitive_attributes": [],
          "private": "bnVsbA==",
          "dependencies": [
            "aws_lb.whatsnxt_alb",
            "aws_lb_listener.https_listener",
            "aws_lb_target_group.whatsnxt_app_tg",
            "aws_security_group.alb_sg",
            "module.vpc.aws_subnet.public",
            "module.vpc.aws_vpc.this",
            "module.vpc.aws_vpc_ipv4_cidr_block_association.this"
          ]
        }
      ]
    },
    {
      "mode": "managed",
      "type": "aws_lb_target_group",
      "name": "whatsnxt_app_tg",
      "provider": "provider[\"registry.terraform.io/hashicorp/aws\"]",
      "instances": [
        {
          "schema_version": 0,
          "attributes": {
            "arn": "arn:aws:elasticloadbalancing:ap-south-1:886436939122:targetgroup/whatsnxt-tg-prod/a9e451d732a66d14",
            "arn_suffix": "targetgroup/whatsnxt-tg-prod/a9e451d732a66d14",
            "connection_termination": null,
            "deregistration_delay": "300",
            "health_check": [
              {
                "enabled": true,
                "healthy_threshold": 3,
                "interval": 30,
                "matcher": "200",
                "path": "/api/v1/course/health",
                "port": "traffic-port",
                "protocol": "HTTP",
                "timeout": 5,
                "unhealthy_threshold": 3
              }
            ],
            "id": "arn:aws:elasticloadbalancing:ap-south-1:886436939122:targetgroup/whatsnxt-tg-prod/a9e451d732a66d14",
            "ip_address_type": "ipv4",
            "lambda_multi_value_headers_enabled": false,
            "load_balancer_arns": [
              "arn:aws:elasticloadbalancing:ap-south-1:886436939122:loadbalancer/app/whatsnxt-lb-prod/01499627d40f5a03"
            ],
            "load_balancing_algorithm_type": "round_robin",
            "load_balancing_anomaly_mitigation": "off",
            "load_balancing_cross_zone_enabled": "use_load_balancer_configuration",
            "name": "whatsnxt-tg-prod",
            "name_prefix": "",
            "port": 4444,
            "preserve_client_ip": null,
            "protocol": "HTTP",
            "protocol_version": "HTTP1",
            "proxy_protocol_v2": false,
            "region": "ap-south-1",
            "slow_start": 0,
            "stickiness": [
              {
                "cookie_duration": 86400,
                "cookie_name": "",
                "enabled": false,
                "type": "lb_cookie"
              }
            ],
            "tags": {
              "Environment": "prod",
              "Name": "whatsnxt-app-tg"
            },
            "tags_all": {
              "Environment": "prod",
              "Name": "whatsnxt-app-tg"
            },
            "target_failover": [
              {
                "on_deregistration": null,
                "on_unhealthy": null
              }
            ],
            "target_group_health": [
              {
                "dns_failover": [
                  {
                    "minimum_healthy_targets_count": "1",
                    "minimum_healthy_targets_percentage": "off"
                  }
                ],
                "unhealthy_state_routing": [
                  {
                    "minimum_healthy_targets_count": 1,
                    "minimum_healthy_targets_percentage": "off"
                  }
                ]
              }
            ],
            "target_health_state": [
              {
                "enable_unhealthy_connection_termination": null,
                "unhealthy_draining_interval": null
              }
            ],
            "target_type": "instance",
            "vpc_id": "vpc-0c9c05922529880ec"
          },
          "sensitive_attributes": [],
          "private": "bnVsbA==",
          "dependencies": [
            "module.vpc.aws_vpc.this"
          ]
        }
      ]
    },
    {
      "mode": "managed",
      "type": "aws_lb_target_group_attachment",
      "name": "whatsnxt_target",
      "provider": "provider[\"registry.terraform.io/hashicorp/aws\"]",
      "instances": [
        {
          "schema_version": 0,
          "attributes": {
            "availability_zone": null,
            "id": "arn:aws:elasticloadbalancing:ap-south-1:886436939122:targetgroup/whatsnxt-tg-prod/a9e451d732a66d14-20250707114131612000000006",
            "port": 4444,
            "region": "ap-south-1",
            "target_group_arn": "arn:aws:elasticloadbalancing:ap-south-1:886436939122:targetgroup/whatsnxt-tg-prod/a9e451d732a66d14",
            "target_id": "i-0baa0ecd676b33578"
          },
          "sensitive_attributes": [],
          "private": "bnVsbA==",
          "dependencies": [
            "aws_iam_instance_profile.ec2_instance_profile",
            "aws_iam_role.ec2_role",
            "aws_key_pair.key_pair",
            "aws_lb_target_group.whatsnxt_app_tg",
            "aws_security_group.ec2_sg",
            "module.ec2_instance.aws_iam_instance_profile.this",
            "module.ec2_instance.aws_iam_role.this",
            "module.ec2_instance.aws_instance.ignore_ami",
            "module.ec2_instance.aws_instance.this",
            "module.ec2_instance.aws_security_group.this",
            "module.ec2_instance.aws_spot_instance_request.this",
            "module.ec2_instance.data.aws_iam_policy_document.assume_role_policy",
            "module.ec2_instance.data.aws_partition.current",
            "module.ec2_instance.data.aws_ssm_parameter.this",
            "module.ec2_instance.data.aws_subnet.this",
            "module.vpc.aws_subnet.public",
            "module.vpc.aws_vpc.this",
            "module.vpc.aws_vpc_ipv4_cidr_block_association.this",
            "tls_private_key.ed25519_key"
          ]
        }
      ]
    },
    {
      "mode": "managed",
      "type": "aws_security_group",
      "name": "alb_sg",
      "provider": "provider[\"registry.terraform.io/hashicorp/aws\"]",
      "instances": [
        {
          "schema_version": 1,
          "attributes": {
            "arn": "arn:aws:ec2:ap-south-1:886436939122:security-group/sg-05ebd7bf6c63483f9",
            "description": "Security group for ALB",
            "egress": [
              {
                "cidr_blocks": [
                  "0.0.0.0/0"
                ],
                "description": "",
                "from_port": 0,
                "ipv6_cidr_blocks": [],
                "prefix_list_ids": [],
                "protocol": "-1",
                "security_groups": [],
                "self": false,
                "to_port": 0
              }
            ],
            "id": "sg-05ebd7bf6c63483f9",
            "ingress": [
              {
                "cidr_blocks": [
                  "0.0.0.0/0"
                ],
                "description": "",
                "from_port": 443,
                "ipv6_cidr_blocks": [],
                "prefix_list_ids": [],
                "protocol": "tcp",
                "security_groups": [],
                "self": false,
                "to_port": 443
              },
              {
                "cidr_blocks": [
                  "0.0.0.0/0"
                ],
                "description": "",
                "from_port": 80,
                "ipv6_cidr_blocks": [],
                "prefix_list_ids": [],
                "protocol": "tcp",
                "security_groups": [],
                "self": false,
                "to_port": 80
              }
            ],
            "name": "whatsnxt-alb-sg-prod",
            "name_prefix": "",
            "owner_id": "886436939122",
            "region": "ap-south-1",
            "revoke_rules_on_delete": false,
            "tags": {
              "Environment": "prod",
              "Name": "whatsnxt-alb-sg"
            },
            "tags_all": {
              "Environment": "prod",
              "Name": "whatsnxt-alb-sg"
            },
            "timeouts": null,
            "vpc_id": "vpc-0c9c05922529880ec"
          },
          "sensitive_attributes": [],
          "private": "eyJlMmJmYjczMC1lY2FhLTExZTYtOGY4OC0zNDM2M2JjN2M0YzAiOnsiY3JlYXRlIjo2MDAwMDAwMDAwMDAsImRlbGV0ZSI6OTAwMDAwMDAwMDAwfSwic2NoZW1hX3ZlcnNpb24iOiIxIn0=",
          "dependencies": [
            "module.vpc.aws_vpc.this"
          ],
          "create_before_destroy": true
        }
      ]
    },
    {
      "mode": "managed",
      "type": "aws_security_group",
      "name": "ec2_sg",
      "provider": "provider[\"registry.terraform.io/hashicorp/aws\"]",
      "instances": [
        {
          "schema_version": 1,
          "attributes": {
            "arn": "arn:aws:ec2:ap-south-1:886436939122:security-group/sg-0ae69507b90a4844a",
            "description": "Allow traffic",
            "egress": [
              {
                "cidr_blocks": [
                  "0.0.0.0/0"
                ],
                "description": "",
                "from_port": 0,
                "ipv6_cidr_blocks": [],
                "prefix_list_ids": [],
                "protocol": "-1",
                "security_groups": [],
                "self": false,
                "to_port": 0
              }
            ],
            "id": "sg-0ae69507b90a4844a",
            "ingress": [
              {
                "cidr_blocks": [
                  "0.0.0.0/0"
                ],
                "description": "",
                "from_port": 22,
                "ipv6_cidr_blocks": [],
                "prefix_list_ids": [],
                "protocol": "tcp",
                "security_groups": [],
                "self": false,
                "to_port": 22
              },
              {
                "cidr_blocks": [
                  "0.0.0.0/0"
                ],
                "description": "",
                "from_port": 3333,
                "ipv6_cidr_blocks": [],
                "prefix_list_ids": [],
                "protocol": "tcp",
                "security_groups": [],
                "self": false,
                "to_port": 3333
              },
              {
                "cidr_blocks": [
                  "0.0.0.0/0"
                ],
                "description": "",
                "from_port": 443,
                "ipv6_cidr_blocks": [],
                "prefix_list_ids": [],
                "protocol": "tcp",
                "security_groups": [],
                "self": false,
                "to_port": 443
              },
              {
                "cidr_blocks": [
                  "0.0.0.0/0"
                ],
                "description": "",
                "from_port": 4444,
                "ipv6_cidr_blocks": [],
                "prefix_list_ids": [],
                "protocol": "tcp",
                "security_groups": [],
                "self": false,
                "to_port": 4444
              },
              {
                "cidr_blocks": [
                  "0.0.0.0/0"
                ],
                "description": "",
                "from_port": 4445,
                "ipv6_cidr_blocks": [],
                "prefix_list_ids": [],
                "protocol": "tcp",
                "security_groups": [],
                "self": false,
                "to_port": 4445
              },
              {
                "cidr_blocks": [
                  "0.0.0.0/0"
                ],
                "description": "",
                "from_port": 6380,
                "ipv6_cidr_blocks": [],
                "prefix_list_ids": [],
                "protocol": "tcp",
                "security_groups": [],
                "self": false,
                "to_port": 6380
              },
              {
                "cidr_blocks": [
                  "0.0.0.0/0"
                ],
                "description": "",
                "from_port": 8081,
                "ipv6_cidr_blocks": [],
                "prefix_list_ids": [],
                "protocol": "tcp",
                "security_groups": [],
                "self": false,
                "to_port": 8082
              },
              {
                "cidr_blocks": [
                  "0.0.0.0/0"
                ],
                "description": "",
                "from_port": 80,
                "ipv6_cidr_blocks": [],
                "prefix_list_ids": [],
                "protocol": "tcp",
                "security_groups": [],
                "self": false,
                "to_port": 80
              }
            ],
            "name": "whatsnxt-ec2-sg-prod",
            "name_prefix": "",
            "owner_id": "886436939122",
            "region": "ap-south-1",
            "revoke_rules_on_delete": false,
            "tags": {
              "Environment": "prod",
              "Name": "whatsnxt-ec2-sg"
            },
            "tags_all": {
              "Environment": "prod",
              "Name": "whatsnxt-ec2-sg"
            },
            "timeouts": null,
            "vpc_id": "vpc-0c9c05922529880ec"
          },
          "sensitive_attributes": [],
          "private": "eyJlMmJmYjczMC1lY2FhLTExZTYtOGY4OC0zNDM2M2JjN2M0YzAiOnsiY3JlYXRlIjo2MDAwMDAwMDAwMDAsImRlbGV0ZSI6OTAwMDAwMDAwMDAwfSwic2NoZW1hX3ZlcnNpb24iOiIxIn0=",
          "dependencies": [
            "module.vpc.aws_vpc.this"
          ],
          "create_before_destroy": true
        }
      ]
    },
    {
      "mode": "managed",
      "type": "aws_sns_topic",
      "name": "notification_topic",
      "provider": "provider[\"registry.terraform.io/hashicorp/aws\"]",
      "instances": [
        {
          "schema_version": 0,
          "attributes": {
            "application_failure_feedback_role_arn": "",
            "application_success_feedback_role_arn": "",
            "application_success_feedback_sample_rate": 0,
            "archive_policy": "",
            "arn": "arn:aws:sns:ap-south-1:886436939122:whatsnxt-notification-topic",
            "beginning_archive_time": "",
            "content_based_deduplication": false,
            "delivery_policy": "",
            "display_name": "",
            "fifo_throughput_scope": "",
            "fifo_topic": false,
            "firehose_failure_feedback_role_arn": "",
            "firehose_success_feedback_role_arn": "",
            "firehose_success_feedback_sample_rate": 0,
            "http_failure_feedback_role_arn": "",
            "http_success_feedback_role_arn": "",
            "http_success_feedback_sample_rate": 0,
            "id": "arn:aws:sns:ap-south-1:886436939122:whatsnxt-notification-topic",
            "kms_master_key_id": "",
            "lambda_failure_feedback_role_arn": "",
            "lambda_success_feedback_role_arn": "",
            "lambda_success_feedback_sample_rate": 0,
            "name": "whatsnxt-notification-topic",
            "name_prefix": "",
            "owner": "886436939122",
            "policy": "{\"Id\":\"__default_policy_ID\",\"Statement\":[{\"Action\":[\"SNS:GetTopicAttributes\",\"SNS:SetTopicAttributes\",\"SNS:AddPermission\",\"SNS:RemovePermission\",\"SNS:DeleteTopic\",\"SNS:Subscribe\",\"SNS:ListSubscriptionsByTopic\",\"SNS:Publish\"],\"Condition\":{\"StringEquals\":{\"AWS:SourceOwner\":\"886436939122\"}},\"Effect\":\"Allow\",\"Principal\":{\"AWS\":\"*\"},\"Resource\":\"arn:aws:sns:ap-south-1:886436939122:whatsnxt-notification-topic\",\"Sid\":\"__default_statement_ID\"}],\"Version\":\"2008-10-17\"}",
            "region": "ap-south-1",
            "signature_version": 0,
            "sqs_failure_feedback_role_arn": "",
            "sqs_success_feedback_role_arn": "",
            "sqs_success_feedback_sample_rate": 0,
            "tags": {
              "Application": "whatsnxt",
              "Environment": "prod"
            },
            "tags_all": {
              "Application": "whatsnxt",
              "Environment": "prod"
            },
            "tracing_config": ""
          },
          "sensitive_attributes": [],
          "private": "bnVsbA==",
          "create_before_destroy": true
        }
      ]
    },
    {
      "mode": "managed",
      "type": "aws_sns_topic_subscription",
      "name": "email_subscription",
      "provider": "provider[\"registry.terraform.io/hashicorp/aws\"]",
      "instances": [
        {
          "schema_version": 0,
          "attributes": {
            "arn": "arn:aws:sns:ap-south-1:886436939122:whatsnxt-notification-topic:5b26868c-245b-4b26-bfcd-e2e6f28e80ed",
            "confirmation_timeout_in_minutes": 1,
            "confirmation_was_authenticated": false,
            "delivery_policy": "",
            "endpoint": "kiriti.k999@gmail.com",
            "endpoint_auto_confirms": false,
            "filter_policy": "",
            "filter_policy_scope": "",
            "id": "arn:aws:sns:ap-south-1:886436939122:whatsnxt-notification-topic:5b26868c-245b-4b26-bfcd-e2e6f28e80ed",
            "owner_id": "886436939122",
            "pending_confirmation": true,
            "protocol": "email",
            "raw_message_delivery": false,
            "redrive_policy": "",
            "region": "ap-south-1",
            "replay_policy": "",
            "subscription_role_arn": "",
            "topic_arn": "arn:aws:sns:ap-south-1:886436939122:whatsnxt-notification-topic"
          },
          "sensitive_attributes": [],
          "private": "bnVsbA==",
          "dependencies": [
            "aws_sns_topic.notification_topic"
          ]
        }
      ]
    },
    {
      "mode": "managed",
      "type": "local_file",
      "name": "private_key",
      "provider": "provider[\"registry.terraform.io/hashicorp/local\"]",
      "instances": [
        {
          "schema_version": 0,
          "attributes": {
            "content": "-----BEGIN OPENSSH PRIVATE KEY-----\nb3BlbnNzaC1rZXktdjEAAAAABG5vbmUAAAAEbm9uZQAAAAAAAAABAAAAMwAAAAtz\nc2gtZWQyNTUxOQAAACAI+Cb48W6TsllsznsgNoGlNNKpgFFkRzo1+vXCn1zI0gAA\nAIgjLYd0Iy2HdAAAAAtzc2gtZWQyNTUxOQAAACAI+Cb48W6TsllsznsgNoGlNNKp\ngFFkRzo1+vXCn1zI0gAAAEAeXBwADEMMbjeLUpMvjmuW56GjyWR0LrcEqWNHz3x1\noQj4JvjxbpOyWWzOeyA2gaU00qmAUWRHOjX69cKfXMjSAAAAAAECAwQF\n-----END OPENSSH PRIVATE KEY-----\n",
            "content_base64": null,
            "content_base64sha256": "ZuS0Y31/v9QWxDnCR2wfJGoevUTd7Clf0zGL2BLb5JY=",
            "content_base64sha512": "8rXM73M3vMR8buyR5ldlSkgYn2FpazpoHEZVaBHloqDV9mPEZe1HOQgabupNQqrIngArmat838MDxknRgrJVAw==",
            "content_md5": "11de5e1f8d57192dc274369f526f86ab",
            "content_sha1": "bdc97bef6cf9edcef8a4ed2992b1966218c231d0",
            "content_sha256": "66e4b4637d7fbfd416c439c2476c1f246a1ebd44ddec295fd3318bd812dbe496",
            "content_sha512": "f2b5ccef7337bcc47c6eec91e657654a48189f61696b3a681c46556811e5a2a0d5f663c465ed4739081a6eea4d42aac89e002b99ab7cdfc303c649d182b25503",
            "directory_permission": "0777",
            "file_permission": "0777",
            "filename": "/Users/arjun/.ssh/whatsnxt",
            "id": "bdc97bef6cf9edcef8a4ed2992b1966218c231d0",
            "sensitive_content": null,
            "source": null
          },
          "sensitive_attributes": [
            [
              {
                "type": "get_attr",
                "value": "sensitive_content"
              }
            ],
            [
              {
                "type": "get_attr",
                "value": "content"
              }
            ]
          ],
          "dependencies": [
            "tls_private_key.ed25519_key"
          ]
        }
      ]
    },
    {
      "mode": "managed",
      "type": "null_resource",
      "name": "boot_finished",
      "provider": "provider[\"registry.terraform.io/hashicorp/null\"]",
      "instances": [
        {
          "schema_version": 0,
          "attributes": {
            "id": "7747151093437280477",
            "triggers": null
          },
          "sensitive_attributes": [],
          "dependencies": [
            "aws_iam_instance_profile.ec2_instance_profile",
            "aws_iam_role.ec2_role",
            "aws_key_pair.key_pair",
            "aws_security_group.ec2_sg",
            "module.ec2_instance.aws_eip.this",
            "module.ec2_instance.aws_iam_instance_profile.this",
            "module.ec2_instance.aws_iam_role.this",
            "module.ec2_instance.aws_instance.ignore_ami",
            "module.ec2_instance.aws_instance.this",
            "module.ec2_instance.aws_security_group.this",
            "module.ec2_instance.aws_spot_instance_request.this",
            "module.ec2_instance.data.aws_iam_policy_document.assume_role_policy",
            "module.ec2_instance.data.aws_partition.current",
            "module.ec2_instance.data.aws_ssm_parameter.this",
            "module.ec2_instance.data.aws_subnet.this",
            "module.vpc.aws_subnet.public",
            "module.vpc.aws_vpc.this",
            "module.vpc.aws_vpc_ipv4_cidr_block_association.this",
            "tls_private_key.ed25519_key"
          ]
        }
      ]
    },
    {
      "mode": "managed",
      "type": "null_resource",
      "name": "image_updater",
      "provider": "provider[\"registry.terraform.io/hashicorp/null\"]",
      "instances": [
        {
          "schema_version": 0,
          "attributes": {
            "id": "2024441706913574335",
            "triggers": {
              "image_version": "prod-v4.357",
              "test": "v2"
            }
          },
          "sensitive_attributes": [],
          "dependencies": [
            "aws_iam_instance_profile.ec2_instance_profile",
            "aws_iam_role.ec2_role",
            "aws_key_pair.key_pair",
            "aws_security_group.ec2_sg",
            "local_file.private_key",
            "module.ec2_instance.aws_eip.this",
            "module.ec2_instance.aws_iam_instance_profile.this",
            "module.ec2_instance.aws_iam_role.this",
            "module.ec2_instance.aws_instance.ignore_ami",
            "module.ec2_instance.aws_instance.this",
            "module.ec2_instance.aws_security_group.this",
            "module.ec2_instance.aws_spot_instance_request.this",
            "module.ec2_instance.data.aws_iam_policy_document.assume_role_policy",
            "module.ec2_instance.data.aws_partition.current",
            "module.ec2_instance.data.aws_ssm_parameter.this",
            "module.ec2_instance.data.aws_subnet.this",
            "module.vpc.aws_subnet.public",
            "module.vpc.aws_vpc.this",
            "module.vpc.aws_vpc_ipv4_cidr_block_association.this",
            "null_resource.boot_finished",
            "null_resource.node_provisioner",
            "tls_private_key.ed25519_key"
          ]
        }
      ]
    },
    {
      "mode": "managed",
      "type": "null_resource",
      "name": "node_provisioner",
      "provider": "provider[\"registry.terraform.io/hashicorp/null\"]",
      "instances": [
        {
          "schema_version": 0,
          "attributes": {
            "id": "306598413699386761",
            "triggers": {
              "instance_id": "i-0baa0ecd676b33578"
            }
          },
          "sensitive_attributes": [],
          "dependencies": [
            "aws_iam_instance_profile.ec2_instance_profile",
            "aws_iam_role.ec2_role",
            "aws_key_pair.key_pair",
            "aws_security_group.ec2_sg",
            "local_file.private_key",
            "module.ec2_instance.aws_eip.this",
            "module.ec2_instance.aws_iam_instance_profile.this",
            "module.ec2_instance.aws_iam_role.this",
            "module.ec2_instance.aws_instance.ignore_ami",
            "module.ec2_instance.aws_instance.this",
            "module.ec2_instance.aws_security_group.this",
            "module.ec2_instance.aws_spot_instance_request.this",
            "module.ec2_instance.data.aws_iam_policy_document.assume_role_policy",
            "module.ec2_instance.data.aws_partition.current",
            "module.ec2_instance.data.aws_ssm_parameter.this",
            "module.ec2_instance.data.aws_subnet.this",
            "module.vpc.aws_subnet.public",
            "module.vpc.aws_vpc.this",
            "module.vpc.aws_vpc_ipv4_cidr_block_association.this",
            "null_resource.boot_finished",
            "tls_private_key.ed25519_key"
          ]
        }
      ]
    },
    {
      "mode": "managed",
      "type": "tls_private_key",
      "name": "ed25519_key",
      "provider": "provider[\"registry.terraform.io/hashicorp/tls\"]",
      "instances": [
        {
          "schema_version": 1,
          "attributes": {
            "algorithm": "ED25519",
            "ecdsa_curve": "P224",
            "id": "9d314fbae4942931897b95353bb30074b29759c4",
            "private_key_openssh": "-----BEGIN OPENSSH PRIVATE KEY-----\nb3BlbnNzaC1rZXktdjEAAAAABG5vbmUAAAAEbm9uZQAAAAAAAAABAAAAMwAAAAtz\nc2gtZWQyNTUxOQAAACAI+Cb48W6TsllsznsgNoGlNNKpgFFkRzo1+vXCn1zI0gAA\nAIgjLYd0Iy2HdAAAAAtzc2gtZWQyNTUxOQAAACAI+Cb48W6TsllsznsgNoGlNNKp\ngFFkRzo1+vXCn1zI0gAAAEAeXBwADEMMbjeLUpMvjmuW56GjyWR0LrcEqWNHz3x1\noQj4JvjxbpOyWWzOeyA2gaU00qmAUWRHOjX69cKfXMjSAAAAAAECAwQF\n-----END OPENSSH PRIVATE KEY-----\n",
            "private_key_pem": "-----BEGIN PRIVATE KEY-----\nMC4CAQAwBQYDK2VwBCIEIB5cHAAMQwxuN4tSky+Oa5bnoaPJZHQutwSpY0fPfHWh\n-----END PRIVATE KEY-----\n",
            "private_key_pem_pkcs8": "-----BEGIN PRIVATE KEY-----\nMC4CAQAwBQYDK2VwBCIEIB5cHAAMQwxuN4tSky+Oa5bnoaPJZHQutwSpY0fPfHWh\n-----END PRIVATE KEY-----\n",
            "public_key_fingerprint_md5": "01:8a:47:d1:de:77:7f:08:23:b6:63:95:29:52:1f:92",
            "public_key_fingerprint_sha256": "SHA256:DyoE0CRq4t5rr6vGSCiZfwyyDbOBlrANOrh/PZ8htvA",
            "public_key_openssh": "ssh-ed25519 AAAAC3NzaC1lZDI1NTE5AAAAIAj4JvjxbpOyWWzOeyA2gaU00qmAUWRHOjX69cKfXMjS\n",
            "public_key_pem": "-----BEGIN PUBLIC KEY-----\nMCowBQYDK2VwAyEACPgm+PFuk7JZbM57IDaBpTTSqYBRZEc6Nfr1wp9cyNI=\n-----END PUBLIC KEY-----\n",
            "rsa_bits": 2048
          },
          "sensitive_attributes": [
            [
              {
                "type": "get_attr",
                "value": "private_key_pem"
              }
            ],
            [
              {
                "type": "get_attr",
                "value": "private_key_openssh"
              }
            ],
            [
              {
                "type": "get_attr",
                "value": "private_key_pem_pkcs8"
              }
            ]
          ],
          "create_before_destroy": true
        }
      ]
    },
    {
      "module": "module.ec2_instance",
      "mode": "data",
      "type": "aws_partition",
      "name": "current",
      "provider": "provider[\"registry.terraform.io/hashicorp/aws\"]",
      "instances": [
        {
          "schema_version": 0,
          "attributes": {
            "dns_suffix": "amazonaws.com",
            "id": "aws",
            "partition": "aws",
            "reverse_dns_prefix": "com.amazonaws"
          },
          "sensitive_attributes": []
        }
      ]
    },
    {
      "module": "module.ec2_instance",
      "mode": "data",
      "type": "aws_ssm_parameter",
      "name": "this",
      "provider": "provider[\"registry.terraform.io/hashicorp/aws\"]",
      "instances": [
        {
          "schema_version": 0,
          "attributes": {
            "arn": "arn:aws:ssm:ap-south-1::parameter/aws/service/ami-amazon-linux-latest/al2023-ami-kernel-default-x86_64",
            "id": "/aws/service/ami-amazon-linux-latest/al2023-ami-kernel-default-x86_64",
            "insecure_value": "ami-00ca570c1b6d79f36",
            "name": "/aws/service/ami-amazon-linux-latest/al2023-ami-kernel-default-x86_64",
            "region": "ap-south-1",
            "type": "String",
            "value": "ami-00ca570c1b6d79f36",
            "version": 143,
            "with_decryption": true
          },
          "sensitive_attributes": [
            [
              {
                "type": "get_attr",
                "value": "value"
              }
            ]
          ]
        }
      ]
    },
    {
      "module": "module.ec2_instance",
      "mode": "data",
      "type": "aws_subnet",
      "name": "this",
      "provider": "provider[\"registry.terraform.io/hashicorp/aws\"]",
      "instances": [
        {
          "index_key": 0,
          "schema_version": 0,
          "attributes": {
            "arn": "arn:aws:ec2:ap-south-1:886436939122:subnet/subnet-011d0113d4d0a44f7",
            "assign_ipv6_address_on_creation": false,
            "availability_zone": "ap-south-1a",
            "availability_zone_id": "aps1-az1",
            "available_ip_address_count": 248,
            "cidr_block": "10.0.101.0/24",
            "customer_owned_ipv4_pool": "",
            "default_for_az": false,
            "enable_dns64": false,
            "enable_lni_at_device_index": 0,
            "enable_resource_name_dns_a_record_on_launch": false,
            "enable_resource_name_dns_aaaa_record_on_launch": false,
            "filter": null,
            "id": "subnet-011d0113d4d0a44f7",
            "ipv6_cidr_block": "",
            "ipv6_cidr_block_association_id": "",
            "ipv6_native": false,
            "map_customer_owned_ip_on_launch": false,
            "map_public_ip_on_launch": false,
            "outpost_arn": "",
            "owner_id": "886436939122",
            "private_dns_hostname_type_on_launch": "ip-name",
            "region": "ap-south-1",
            "state": "available",
            "tags": {
              "Name": "whatsnxt-vpc"
            },
            "timeouts": null,
            "vpc_id": "vpc-0c9c05922529880ec"
          },
          "sensitive_attributes": []
        }
      ]
    },
    {
      "module": "module.ec2_instance",
      "mode": "managed",
      "type": "aws_instance",
      "name": "this",
      "provider": "provider[\"registry.terraform.io/hashicorp/aws\"]",
      "instances": [
        {
          "index_key": 0,
          "schema_version": 2,
          "attributes": {
            "ami": "ami-0770726357cfe8240",
            "arn": "arn:aws:ec2:ap-south-1:886436939122:instance/i-0baa0ecd676b33578",
            "associate_public_ip_address": true,
            "availability_zone": "ap-south-1a",
            "capacity_reservation_specification": [
              {
                "capacity_reservation_preference": "open",
                "capacity_reservation_target": []
              }
            ],
            "cpu_options": [
              {
                "amd_sev_snp": "",
                "core_count": 1,
                "threads_per_core": 1
              }
            ],
            "credit_specification": [
              {
                "cpu_credits": "standard"
              }
            ],
            "disable_api_stop": false,
            "disable_api_termination": false,
            "ebs_block_device": [],
            "ebs_optimized": false,
            "enable_primary_ipv6": null,
            "enclave_options": [
              {
                "enabled": false
              }
            ],
            "ephemeral_block_device": [],
            "get_password_data": false,
            "hibernation": false,
            "host_id": "",
            "host_resource_group_arn": null,
            "iam_instance_profile": "whatsnxt-ec2-instance-profile",
            "id": "i-0baa0ecd676b33578",
            "instance_initiated_shutdown_behavior": "stop",
            "instance_lifecycle": "",
            "instance_market_options": [],
            "instance_state": "running",
            "instance_type": "t2.micro",
            "ipv6_address_count": 0,
            "ipv6_addresses": [],
            "key_name": "whatsnxt",
            "launch_template": [],
            "maintenance_options": [
              {
                "auto_recovery": "default"
              }
            ],
            "metadata_options": [
              {
                "http_endpoint": "enabled",
                "http_protocol_ipv6": "disabled",
                "http_put_response_hop_limit": 1,
                "http_tokens": "required",
                "instance_metadata_tags": "disabled"
              }
            ],
            "monitoring": true,
            "network_interface": [],
            "outpost_arn": "",
            "password_data": "",
            "placement_group": "",
            "placement_partition_number": 0,
            "primary_network_interface_id": "eni-0988838334754293c",
            "private_dns": "ip-10-0-101-205.ap-south-1.compute.internal",
            "private_dns_name_options": [
              {
                "enable_resource_name_dns_a_record": false,
                "enable_resource_name_dns_aaaa_record": false,
                "hostname_type": "ip-name"
              }
            ],
            "private_ip": "10.0.101.205",
            "public_dns": "ec2-65-2-179-175.ap-south-1.compute.amazonaws.com",
            "public_ip": "65.2.179.175",
            "region": "ap-south-1",
            "root_block_device": [
              {
                "delete_on_termination": true,
                "device_name": "/dev/xvda",
                "encrypted": false,
                "iops": 100,
                "kms_key_id": "",
                "tags": {},
                "tags_all": {},
                "throughput": 0,
                "volume_id": "vol-0e7a43b9110b6c29a",
                "volume_size": 8,
                "volume_type": "gp2"
              }
            ],
            "secondary_private_ips": [],
            "security_groups": [],
            "source_dest_check": true,
            "spot_instance_request_id": "",
            "subnet_id": "subnet-011d0113d4d0a44f7",
            "tags": {
              "Environment": "prod",
              "Name": "main-webserver",
              "Terraform": "true"
            },
            "tags_all": {
              "Environment": "prod",
              "Name": "main-webserver",
              "Terraform": "true"
            },
            "tenancy": "default",
            "timeouts": null,
            "user_data": "#!/bin/bash\nyum update -y\nyum install -y docker\nyum install -y jq\nsystemctl start docker\nsystemctl enable docker\nusermod -aG docker ec2-user\n",
            "user_data_base64": null,
            "user_data_replace_on_change": false,
            "volume_tags": {
              "Environment": "prod",
              "Name": "main-webserver",
              "Terraform": "true"
            },
            "vpc_security_group_ids": [
              "sg-00989df95f73088fd",
              "sg-0ae69507b90a4844a"
            ]
          },
          "sensitive_attributes": [],
          "private": "eyJlMmJmYjczMC1lY2FhLTExZTYtOGY4OC0zNDM2M2JjN2M0YzAiOnsiY3JlYXRlIjo2MDAwMDAwMDAwMDAsImRlbGV0ZSI6MTIwMDAwMDAwMDAwMCwicmVhZCI6OTAwMDAwMDAwMDAwLCJ1cGRhdGUiOjYwMDAwMDAwMDAwMH0sInNjaGVtYV92ZXJzaW9uIjoiMiJ9",
          "dependencies": [
            "aws_iam_instance_profile.ec2_instance_profile",
            "aws_iam_role.ec2_role",
            "aws_key_pair.key_pair",
            "aws_security_group.ec2_sg",
            "module.ec2_instance.aws_iam_instance_profile.this",
            "module.ec2_instance.aws_iam_role.this",
            "module.ec2_instance.aws_security_group.this",
            "module.ec2_instance.data.aws_iam_policy_document.assume_role_policy",
            "module.ec2_instance.data.aws_partition.current",
            "module.ec2_instance.data.aws_ssm_parameter.this",
            "module.ec2_instance.data.aws_subnet.this",
            "module.vpc.aws_subnet.public",
            "module.vpc.aws_vpc.this",
            "module.vpc.aws_vpc_ipv4_cidr_block_association.this",
            "tls_private_key.ed25519_key"
          ]
        }
      ]
    },
    {
      "module": "module.ec2_instance",
      "mode": "managed",
      "type": "aws_security_group",
      "name": "this",
      "provider": "provider[\"registry.terraform.io/hashicorp/aws\"]",
      "instances": [
        {
          "index_key": 0,
          "schema_version": 1,
          "attributes": {
            "arn": "arn:aws:ec2:ap-south-1:886436939122:security-group/sg-00989df95f73088fd",
            "description": "Managed by Terraform",
            "egress": [
              {
                "cidr_blocks": [
                  "0.0.0.0/0"
                ],
                "description": "Allow all IPv4 traffic",
                "from_port": 0,
                "ipv6_cidr_blocks": [],
                "prefix_list_ids": [],
                "protocol": "-1",
                "security_groups": [],
                "self": false,
                "to_port": 0
              },
              {
                "cidr_blocks": [],
                "description": "Allow all IPv6 traffic",
                "from_port": 0,
                "ipv6_cidr_blocks": [
                  "::/0"
                ],
                "prefix_list_ids": [],
                "protocol": "-1",
                "security_groups": [],
                "self": false,
                "to_port": 0
              }
            ],
            "id": "sg-00989df95f73088fd",
            "ingress": [],
            "name": "main-webserver-20250707114107221500000004",
            "name_prefix": "main-webserver-",
            "owner_id": "886436939122",
            "region": "ap-south-1",
            "revoke_rules_on_delete": false,
            "tags": {
              "Environment": "prod",
              "Name": "main-webserver",
              "Terraform": "true"
            },
            "tags_all": {
              "Environment": "prod",
              "Name": "main-webserver",
              "Terraform": "true"
            },
            "timeouts": null,
            "vpc_id": "vpc-0c9c05922529880ec"
          },
          "sensitive_attributes": [],
          "private": "eyJlMmJmYjczMC1lY2FhLTExZTYtOGY4OC0zNDM2M2JjN2M0YzAiOnsiY3JlYXRlIjo2MDAwMDAwMDAwMDAsImRlbGV0ZSI6OTAwMDAwMDAwMDAwfSwic2NoZW1hX3ZlcnNpb24iOiIxIn0=",
          "dependencies": [
            "module.ec2_instance.data.aws_subnet.this",
            "module.vpc.aws_subnet.public",
            "module.vpc.aws_vpc.this",
            "module.vpc.aws_vpc_ipv4_cidr_block_association.this"
          ],
          "create_before_destroy": true
        }
      ]
    },
    {
      "module": "module.ec2_instance",
      "mode": "managed",
      "type": "aws_vpc_security_group_egress_rule",
      "name": "this",
      "provider": "provider[\"registry.terraform.io/hashicorp/aws\"]",
      "instances": [
        {
          "index_key": "ipv4_default",
          "schema_version": 0,
          "attributes": {
            "arn": "arn:aws:ec2:ap-south-1:886436939122:security-group-rule/sgr-0623ba3a256a480e5",
            "cidr_ipv4": "0.0.0.0/0",
            "cidr_ipv6": null,
            "description": "Allow all IPv4 traffic",
            "from_port": null,
            "id": "sgr-0623ba3a256a480e5",
            "ip_protocol": "-1",
            "prefix_list_id": null,
            "referenced_security_group_id": null,
            "region": "ap-south-1",
            "security_group_id": "sg-00989df95f73088fd",
            "security_group_rule_id": "sgr-0623ba3a256a480e5",
            "tags": {
              "Environment": "prod",
              "Name": "main-webserver-ipv4_default",
              "Terraform": "true"
            },
            "tags_all": {
              "Environment": "prod",
              "Name": "main-webserver-ipv4_default",
              "Terraform": "true"
            },
            "to_port": null
          },
          "sensitive_attributes": [],
          "dependencies": [
            "module.ec2_instance.aws_security_group.this",
            "module.ec2_instance.data.aws_subnet.this",
            "module.vpc.aws_subnet.public",
            "module.vpc.aws_vpc.this",
            "module.vpc.aws_vpc_ipv4_cidr_block_association.this"
          ]
        },
        {
          "index_key": "ipv6_default",
          "schema_version": 0,
          "attributes": {
            "arn": "arn:aws:ec2:ap-south-1:886436939122:security-group-rule/sgr-0a169676a15b07762",
            "cidr_ipv4": null,
            "cidr_ipv6": "::/0",
            "description": "Allow all IPv6 traffic",
            "from_port": null,
            "id": "sgr-0a169676a15b07762",
            "ip_protocol": "-1",
            "prefix_list_id": null,
            "referenced_security_group_id": null,
            "region": "ap-south-1",
            "security_group_id": "sg-00989df95f73088fd",
            "security_group_rule_id": "sgr-0a169676a15b07762",
            "tags": {
              "Environment": "prod",
              "Name": "main-webserver-ipv6_default",
              "Terraform": "true"
            },
            "tags_all": {
              "Environment": "prod",
              "Name": "main-webserver-ipv6_default",
              "Terraform": "true"
            },
            "to_port": null
          },
          "sensitive_attributes": [],
          "dependencies": [
            "module.ec2_instance.aws_security_group.this",
            "module.ec2_instance.data.aws_subnet.this",
            "module.vpc.aws_subnet.public",
            "module.vpc.aws_vpc.this",
            "module.vpc.aws_vpc_ipv4_cidr_block_association.this"
          ]
        }
      ]
    },
    {
      "module": "module.vpc",
      "mode": "managed",
      "type": "aws_default_network_acl",
      "name": "this",
      "provider": "provider[\"registry.terraform.io/hashicorp/aws\"]",
      "instances": [
        {
          "index_key": 0,
          "schema_version": 0,
          "attributes": {
            "arn": "arn:aws:ec2:ap-south-1:886436939122:network-acl/acl-0292328201ab196f3",
            "default_network_acl_id": "acl-0292328201ab196f3",
            "egress": [
              {
                "action": "allow",
                "cidr_block": "",
                "from_port": 0,
                "icmp_code": 0,
                "icmp_type": 0,
                "ipv6_cidr_block": "::/0",
                "protocol": "-1",
                "rule_no": 101,
                "to_port": 0
              },
              {
                "action": "allow",
                "cidr_block": "0.0.0.0/0",
                "from_port": 0,
                "icmp_code": 0,
                "icmp_type": 0,
                "ipv6_cidr_block": "",
                "protocol": "-1",
                "rule_no": 100,
                "to_port": 0
              }
            ],
            "id": "acl-0292328201ab196f3",
            "ingress": [
              {
                "action": "allow",
                "cidr_block": "",
                "from_port": 0,
                "icmp_code": 0,
                "icmp_type": 0,
                "ipv6_cidr_block": "::/0",
                "protocol": "-1",
                "rule_no": 101,
                "to_port": 0
              },
              {
                "action": "allow",
                "cidr_block": "0.0.0.0/0",
                "from_port": 0,
                "icmp_code": 0,
                "icmp_type": 0,
                "ipv6_cidr_block": "",
                "protocol": "-1",
                "rule_no": 100,
                "to_port": 0
              }
            ],
            "owner_id": "886436939122",
            "region": "ap-south-1",
            "subnet_ids": [
              "subnet-011d0113d4d0a44f7",
              "subnet-038317eaafe546cb3",
              "subnet-057a2e4687130a2b0",
              "subnet-0f74bb34f120418df"
            ],
            "tags": {
              "Name": "whatsnxt-vpc"
            },
            "tags_all": {
              "Name": "whatsnxt-vpc"
            },
            "vpc_id": "vpc-0c9c05922529880ec"
          },
          "sensitive_attributes": [],
          "private": "bnVsbA==",
          "dependencies": [
            "module.vpc.aws_vpc.this"
          ]
        }
      ]
    },
    {
      "module": "module.vpc",
      "mode": "managed",
      "type": "aws_default_route_table",
      "name": "default",
      "provider": "provider[\"registry.terraform.io/hashicorp/aws\"]",
      "instances": [
        {
          "index_key": 0,
          "schema_version": 0,
          "attributes": {
            "arn": "arn:aws:ec2:ap-south-1:886436939122:route-table/rtb-0c0c56f9e410119e6",
            "default_route_table_id": "rtb-0c0c56f9e410119e6",
            "id": "rtb-0c0c56f9e410119e6",
            "owner_id": "886436939122",
            "propagating_vgws": [],
            "region": "ap-south-1",
            "route": [],
            "tags": {
              "Name": "whatsnxt-vpc"
            },
            "tags_all": {
              "Name": "whatsnxt-vpc"
            },
            "timeouts": {
              "create": "5m",
              "update": "5m"
            },
            "vpc_id": "vpc-0c9c05922529880ec"
          },
          "sensitive_attributes": [],
          "private": "eyJlMmJmYjczMC1lY2FhLTExZTYtOGY4OC0zNDM2M2JjN2M0YzAiOnsiY3JlYXRlIjozMDAwMDAwMDAwMDAsInVwZGF0ZSI6MzAwMDAwMDAwMDAwfX0=",
          "dependencies": [
            "module.vpc.aws_vpc.this"
          ]
        }
      ]
    },
    {
      "module": "module.vpc",
      "mode": "managed",
      "type": "aws_default_security_group",
      "name": "this",
      "provider": "provider[\"registry.terraform.io/hashicorp/aws\"]",
      "instances": [
        {
          "index_key": 0,
          "schema_version": 1,
          "attributes": {
            "arn": "arn:aws:ec2:ap-south-1:886436939122:security-group/sg-0880b0a4b5d4695b3",
            "description": "default VPC security group",
            "egress": [],
            "id": "sg-0880b0a4b5d4695b3",
            "ingress": [],
            "name": "default",
            "name_prefix": "",
            "owner_id": "886436939122",
            "region": "ap-south-1",
            "revoke_rules_on_delete": false,
            "tags": {
              "Name": "whatsnxt-vpc"
            },
            "tags_all": {
              "Name": "whatsnxt-vpc"
            },
            "vpc_id": "vpc-0c9c05922529880ec"
          },
          "sensitive_attributes": [],
          "private": "eyJzY2hlbWFfdmVyc2lvbiI6IjEifQ==",
          "dependencies": [
            "module.vpc.aws_vpc.this"
          ]
        }
      ]
    },
    {
      "module": "module.vpc",
      "mode": "managed",
      "type": "aws_internet_gateway",
      "name": "this",
      "provider": "provider[\"registry.terraform.io/hashicorp/aws\"]",
      "instances": [
        {
          "index_key": 0,
          "schema_version": 0,
          "attributes": {
            "arn": "arn:aws:ec2:ap-south-1:886436939122:internet-gateway/igw-02ba6ca1cb3e2f868",
            "id": "igw-02ba6ca1cb3e2f868",
            "owner_id": "886436939122",
            "region": "ap-south-1",
            "tags": {
              "Name": "whatsnxt-vpc"
            },
            "tags_all": {
              "Name": "whatsnxt-vpc"
            },
            "timeouts": null,
            "vpc_id": "vpc-0c9c05922529880ec"
          },
          "sensitive_attributes": [],
          "private": "eyJlMmJmYjczMC1lY2FhLTExZTYtOGY4OC0zNDM2M2JjN2M0YzAiOnsiY3JlYXRlIjoxMjAwMDAwMDAwMDAwLCJkZWxldGUiOjEyMDAwMDAwMDAwMDAsInVwZGF0ZSI6MTIwMDAwMDAwMDAwMH19",
          "dependencies": [
            "module.vpc.aws_vpc.this",
            "module.vpc.aws_vpc_ipv4_cidr_block_association.this"
          ]
        }
      ]
    },
    {
      "module": "module.vpc",
      "mode": "managed",
      "type": "aws_route",
      "name": "public_internet_gateway",
      "provider": "provider[\"registry.terraform.io/hashicorp/aws\"]",
      "instances": [
        {
          "index_key": 0,
          "schema_version": 0,
          "attributes": {
            "carrier_gateway_id": "",
            "core_network_arn": "",
            "destination_cidr_block": "0.0.0.0/0",
            "destination_ipv6_cidr_block": "",
            "destination_prefix_list_id": "",
            "egress_only_gateway_id": "",
            "gateway_id": "igw-02ba6ca1cb3e2f868",
            "id": "r-rtb-07f81851ecb3b88831080289494",
            "instance_id": "",
            "instance_owner_id": "",
            "local_gateway_id": "",
            "nat_gateway_id": "",
            "network_interface_id": "",
            "origin": "CreateRoute",
            "region": "ap-south-1",
            "route_table_id": "rtb-07f81851ecb3b8883",
            "state": "active",
            "timeouts": {
              "create": "5m",
              "delete": null,
              "update": null
            },
            "transit_gateway_id": "",
            "vpc_endpoint_id": "",
            "vpc_peering_connection_id": ""
          },
          "sensitive_attributes": [],
          "private": "eyJlMmJmYjczMC1lY2FhLTExZTYtOGY4OC0zNDM2M2JjN2M0YzAiOnsiY3JlYXRlIjozMDAwMDAwMDAwMDAsImRlbGV0ZSI6MzAwMDAwMDAwMDAwLCJ1cGRhdGUiOjEyMDAwMDAwMDAwMH19",
          "dependencies": [
            "module.vpc.aws_internet_gateway.this",
            "module.vpc.aws_route_table.public",
            "module.vpc.aws_vpc.this",
            "module.vpc.aws_vpc_ipv4_cidr_block_association.this"
          ]
        }
      ]
    },
    {
      "module": "module.vpc",
      "mode": "managed",
      "type": "aws_route_table",
      "name": "private",
      "provider": "provider[\"registry.terraform.io/hashicorp/aws\"]",
      "instances": [
        {
          "index_key": 0,
          "schema_version": 0,
          "attributes": {
            "arn": "arn:aws:ec2:ap-south-1:886436939122:route-table/rtb-0d6a7ced86b2826e2",
            "id": "rtb-0d6a7ced86b2826e2",
            "owner_id": "886436939122",
            "propagating_vgws": [],
            "region": "ap-south-1",
            "route": [],
            "tags": {
              "Name": "whatsnxt-vpc"
            },
            "tags_all": {
              "Name": "whatsnxt-vpc"
            },
            "timeouts": null,
            "vpc_id": "vpc-0c9c05922529880ec"
          },
          "sensitive_attributes": [],
          "private": "eyJlMmJmYjczMC1lY2FhLTExZTYtOGY4OC0zNDM2M2JjN2M0YzAiOnsiY3JlYXRlIjozMDAwMDAwMDAwMDAsImRlbGV0ZSI6MzAwMDAwMDAwMDAwLCJ1cGRhdGUiOjEyMDAwMDAwMDAwMH19",
          "dependencies": [
            "module.vpc.aws_vpc.this",
            "module.vpc.aws_vpc_ipv4_cidr_block_association.this"
          ]
        },
        {
          "index_key": 1,
          "schema_version": 0,
          "attributes": {
            "arn": "arn:aws:ec2:ap-south-1:886436939122:route-table/rtb-0e83da86b37bbe323",
            "id": "rtb-0e83da86b37bbe323",
            "owner_id": "886436939122",
            "propagating_vgws": [],
            "region": "ap-south-1",
            "route": [],
            "tags": {
              "Name": "whatsnxt-vpc"
            },
            "tags_all": {
              "Name": "whatsnxt-vpc"
            },
            "timeouts": null,
            "vpc_id": "vpc-0c9c05922529880ec"
          },
          "sensitive_attributes": [],
          "private": "eyJlMmJmYjczMC1lY2FhLTExZTYtOGY4OC0zNDM2M2JjN2M0YzAiOnsiY3JlYXRlIjozMDAwMDAwMDAwMDAsImRlbGV0ZSI6MzAwMDAwMDAwMDAwLCJ1cGRhdGUiOjEyMDAwMDAwMDAwMH19",
          "dependencies": [
            "module.vpc.aws_vpc.this",
            "module.vpc.aws_vpc_ipv4_cidr_block_association.this"
          ]
        }
      ]
    },
    {
      "module": "module.vpc",
      "mode": "managed",
      "type": "aws_route_table",
      "name": "public",
      "provider": "provider[\"registry.terraform.io/hashicorp/aws\"]",
      "instances": [
        {
          "index_key": 0,
          "schema_version": 0,
          "attributes": {
            "arn": "arn:aws:ec2:ap-south-1:886436939122:route-table/rtb-07f81851ecb3b8883",
            "id": "rtb-07f81851ecb3b8883",
            "owner_id": "886436939122",
            "propagating_vgws": [],
            "region": "ap-south-1",
            "route": [
              {
                "carrier_gateway_id": "",
                "cidr_block": "0.0.0.0/0",
                "core_network_arn": "",
                "destination_prefix_list_id": "",
                "egress_only_gateway_id": "",
                "gateway_id": "igw-02ba6ca1cb3e2f868",
                "ipv6_cidr_block": "",
                "local_gateway_id": "",
                "nat_gateway_id": "",
                "network_interface_id": "",
                "transit_gateway_id": "",
                "vpc_endpoint_id": "",
                "vpc_peering_connection_id": ""
              }
            ],
            "tags": {
              "Name": "whatsnxt-vpc"
            },
            "tags_all": {
              "Name": "whatsnxt-vpc"
            },
            "timeouts": null,
            "vpc_id": "vpc-0c9c05922529880ec"
          },
          "sensitive_attributes": [],
          "private": "eyJlMmJmYjczMC1lY2FhLTExZTYtOGY4OC0zNDM2M2JjN2M0YzAiOnsiY3JlYXRlIjozMDAwMDAwMDAwMDAsImRlbGV0ZSI6MzAwMDAwMDAwMDAwLCJ1cGRhdGUiOjEyMDAwMDAwMDAwMH19",
          "dependencies": [
            "module.vpc.aws_vpc.this",
            "module.vpc.aws_vpc_ipv4_cidr_block_association.this"
          ]
        }
      ]
    },
    {
      "module": "module.vpc",
      "mode": "managed",
      "type": "aws_route_table_association",
      "name": "private",
      "provider": "provider[\"registry.terraform.io/hashicorp/aws\"]",
      "instances": [
        {
          "index_key": 0,
          "schema_version": 0,
          "attributes": {
            "gateway_id": "",
            "id": "rtbassoc-05c558e1f298b9fc8",
            "region": "ap-south-1",
            "route_table_id": "rtb-0d6a7ced86b2826e2",
            "subnet_id": "subnet-0f74bb34f120418df",
            "timeouts": null
          },
          "sensitive_attributes": [],
          "private": "eyJlMmJmYjczMC1lY2FhLTExZTYtOGY4OC0zNDM2M2JjN2M0YzAiOnsiY3JlYXRlIjozMDAwMDAwMDAwMDAsImRlbGV0ZSI6MzAwMDAwMDAwMDAwLCJ1cGRhdGUiOjEyMDAwMDAwMDAwMH19",
          "dependencies": [
            "module.vpc.aws_route_table.private",
            "module.vpc.aws_subnet.private",
            "module.vpc.aws_vpc.this",
            "module.vpc.aws_vpc_ipv4_cidr_block_association.this"
          ]
        },
        {
          "index_key": 1,
          "schema_version": 0,
          "attributes": {
            "gateway_id": "",
            "id": "rtbassoc-0fbca78f7a959daee",
            "region": "ap-south-1",
            "route_table_id": "rtb-0e83da86b37bbe323",
            "subnet_id": "subnet-057a2e4687130a2b0",
            "timeouts": null
          },
          "sensitive_attributes": [],
          "private": "eyJlMmJmYjczMC1lY2FhLTExZTYtOGY4OC0zNDM2M2JjN2M0YzAiOnsiY3JlYXRlIjozMDAwMDAwMDAwMDAsImRlbGV0ZSI6MzAwMDAwMDAwMDAwLCJ1cGRhdGUiOjEyMDAwMDAwMDAwMH19",
          "dependencies": [
            "module.vpc.aws_route_table.private",
            "module.vpc.aws_subnet.private",
            "module.vpc.aws_vpc.this",
            "module.vpc.aws_vpc_ipv4_cidr_block_association.this"
          ]
        }
      ]
    },
    {
      "module": "module.vpc",
      "mode": "managed",
      "type": "aws_route_table_association",
      "name": "public",
      "provider": "provider[\"registry.terraform.io/hashicorp/aws\"]",
      "instances": [
        {
          "index_key": 0,
          "schema_version": 0,
          "attributes": {
            "gateway_id": "",
            "id": "rtbassoc-0ad71b213bd21916f",
            "region": "ap-south-1",
            "route_table_id": "rtb-07f81851ecb3b8883",
            "subnet_id": "subnet-011d0113d4d0a44f7",
            "timeouts": null
          },
          "sensitive_attributes": [],
          "private": "eyJlMmJmYjczMC1lY2FhLTExZTYtOGY4OC0zNDM2M2JjN2M0YzAiOnsiY3JlYXRlIjozMDAwMDAwMDAwMDAsImRlbGV0ZSI6MzAwMDAwMDAwMDAwLCJ1cGRhdGUiOjEyMDAwMDAwMDAwMH19",
          "dependencies": [
            "module.vpc.aws_route_table.public",
            "module.vpc.aws_subnet.public",
            "module.vpc.aws_vpc.this",
            "module.vpc.aws_vpc_ipv4_cidr_block_association.this"
          ]
        },
        {
          "index_key": 1,
          "schema_version": 0,
          "attributes": {
            "gateway_id": "",
            "id": "rtbassoc-0ca80468c0e07a9ab",
            "region": "ap-south-1",
            "route_table_id": "rtb-07f81851ecb3b8883",
            "subnet_id": "subnet-038317eaafe546cb3",
            "timeouts": null
          },
          "sensitive_attributes": [],
          "private": "eyJlMmJmYjczMC1lY2FhLTExZTYtOGY4OC0zNDM2M2JjN2M0YzAiOnsiY3JlYXRlIjozMDAwMDAwMDAwMDAsImRlbGV0ZSI6MzAwMDAwMDAwMDAwLCJ1cGRhdGUiOjEyMDAwMDAwMDAwMH19",
          "dependencies": [
            "module.vpc.aws_route_table.public",
            "module.vpc.aws_subnet.public",
            "module.vpc.aws_vpc.this",
            "module.vpc.aws_vpc_ipv4_cidr_block_association.this"
          ]
        }
      ]
    },
    {
      "module": "module.vpc",
      "mode": "managed",
      "type": "aws_subnet",
      "name": "private",
      "provider": "provider[\"registry.terraform.io/hashicorp/aws\"]",
      "instances": [
        {
          "index_key": 0,
          "schema_version": 1,
          "attributes": {
            "arn": "arn:aws:ec2:ap-south-1:886436939122:subnet/subnet-0f74bb34f120418df",
            "assign_ipv6_address_on_creation": false,
            "availability_zone": "ap-south-1a",
            "availability_zone_id": "aps1-az1",
            "cidr_block": "10.0.3.0/24",
            "customer_owned_ipv4_pool": "",
            "enable_dns64": false,
            "enable_lni_at_device_index": 0,
            "enable_resource_name_dns_a_record_on_launch": false,
            "enable_resource_name_dns_aaaa_record_on_launch": false,
            "id": "subnet-0f74bb34f120418df",
            "ipv6_cidr_block": "",
            "ipv6_cidr_block_association_id": "",
            "ipv6_native": false,
            "map_customer_owned_ip_on_launch": false,
            "map_public_ip_on_launch": false,
            "outpost_arn": "",
            "owner_id": "886436939122",
            "private_dns_hostname_type_on_launch": "ip-name",
            "region": "ap-south-1",
            "tags": {
              "Name": "whatsnxt-vpc"
            },
            "tags_all": {
              "Name": "whatsnxt-vpc"
            },
            "timeouts": null,
            "vpc_id": "vpc-0c9c05922529880ec"
          },
          "sensitive_attributes": [],
          "private": "eyJlMmJmYjczMC1lY2FhLTExZTYtOGY4OC0zNDM2M2JjN2M0YzAiOnsiY3JlYXRlIjo2MDAwMDAwMDAwMDAsImRlbGV0ZSI6MTIwMDAwMDAwMDAwMH0sInNjaGVtYV92ZXJzaW9uIjoiMSJ9",
          "dependencies": [
            "module.vpc.aws_vpc.this",
            "module.vpc.aws_vpc_ipv4_cidr_block_association.this"
          ]
        },
        {
          "index_key": 1,
          "schema_version": 1,
          "attributes": {
            "arn": "arn:aws:ec2:ap-south-1:886436939122:subnet/subnet-057a2e4687130a2b0",
            "assign_ipv6_address_on_creation": false,
            "availability_zone": "ap-south-1b",
            "availability_zone_id": "aps1-az3",
            "cidr_block": "10.0.4.0/24",
            "customer_owned_ipv4_pool": "",
            "enable_dns64": false,
            "enable_lni_at_device_index": 0,
            "enable_resource_name_dns_a_record_on_launch": false,
            "enable_resource_name_dns_aaaa_record_on_launch": false,
            "id": "subnet-057a2e4687130a2b0",
            "ipv6_cidr_block": "",
            "ipv6_cidr_block_association_id": "",
            "ipv6_native": false,
            "map_customer_owned_ip_on_launch": false,
            "map_public_ip_on_launch": false,
            "outpost_arn": "",
            "owner_id": "886436939122",
            "private_dns_hostname_type_on_launch": "ip-name",
            "region": "ap-south-1",
            "tags": {
              "Name": "whatsnxt-vpc"
            },
            "tags_all": {
              "Name": "whatsnxt-vpc"
            },
            "timeouts": null,
            "vpc_id": "vpc-0c9c05922529880ec"
          },
          "sensitive_attributes": [],
          "private": "eyJlMmJmYjczMC1lY2FhLTExZTYtOGY4OC0zNDM2M2JjN2M0YzAiOnsiY3JlYXRlIjo2MDAwMDAwMDAwMDAsImRlbGV0ZSI6MTIwMDAwMDAwMDAwMH0sInNjaGVtYV92ZXJzaW9uIjoiMSJ9",
          "dependencies": [
            "module.vpc.aws_vpc.this",
            "module.vpc.aws_vpc_ipv4_cidr_block_association.this"
          ]
        }
      ]
    },
    {
      "module": "module.vpc",
      "mode": "managed",
      "type": "aws_subnet",
      "name": "public",
      "provider": "provider[\"registry.terraform.io/hashicorp/aws\"]",
      "instances": [
        {
          "index_key": 0,
          "schema_version": 1,
          "attributes": {
            "arn": "arn:aws:ec2:ap-south-1:886436939122:subnet/subnet-011d0113d4d0a44f7",
            "assign_ipv6_address_on_creation": false,
            "availability_zone": "ap-south-1a",
            "availability_zone_id": "aps1-az1",
            "cidr_block": "10.0.101.0/24",
            "customer_owned_ipv4_pool": "",
            "enable_dns64": false,
            "enable_lni_at_device_index": 0,
            "enable_resource_name_dns_a_record_on_launch": false,
            "enable_resource_name_dns_aaaa_record_on_launch": false,
            "id": "subnet-011d0113d4d0a44f7",
            "ipv6_cidr_block": "",
            "ipv6_cidr_block_association_id": "",
            "ipv6_native": false,
            "map_customer_owned_ip_on_launch": false,
            "map_public_ip_on_launch": false,
            "outpost_arn": "",
            "owner_id": "886436939122",
            "private_dns_hostname_type_on_launch": "ip-name",
            "region": "ap-south-1",
            "tags": {
              "Name": "whatsnxt-vpc"
            },
            "tags_all": {
              "Name": "whatsnxt-vpc"
            },
            "timeouts": null,
            "vpc_id": "vpc-0c9c05922529880ec"
          },
          "sensitive_attributes": [],
          "private": "eyJlMmJmYjczMC1lY2FhLTExZTYtOGY4OC0zNDM2M2JjN2M0YzAiOnsiY3JlYXRlIjo2MDAwMDAwMDAwMDAsImRlbGV0ZSI6MTIwMDAwMDAwMDAwMH0sInNjaGVtYV92ZXJzaW9uIjoiMSJ9",
          "dependencies": [
            "module.vpc.aws_vpc.this",
            "module.vpc.aws_vpc_ipv4_cidr_block_association.this"
          ],
          "create_before_destroy": true
        },
        {
          "index_key": 1,
          "schema_version": 1,
          "attributes": {
            "arn": "arn:aws:ec2:ap-south-1:886436939122:subnet/subnet-038317eaafe546cb3",
            "assign_ipv6_address_on_creation": false,
            "availability_zone": "ap-south-1b",
            "availability_zone_id": "aps1-az3",
            "cidr_block": "10.0.102.0/24",
            "customer_owned_ipv4_pool": "",
            "enable_dns64": false,
            "enable_lni_at_device_index": 0,
            "enable_resource_name_dns_a_record_on_launch": false,
            "enable_resource_name_dns_aaaa_record_on_launch": false,
            "id": "subnet-038317eaafe546cb3",
            "ipv6_cidr_block": "",
            "ipv6_cidr_block_association_id": "",
            "ipv6_native": false,
            "map_customer_owned_ip_on_launch": false,
            "map_public_ip_on_launch": false,
            "outpost_arn": "",
            "owner_id": "886436939122",
            "private_dns_hostname_type_on_launch": "ip-name",
            "region": "ap-south-1",
            "tags": {
              "Name": "whatsnxt-vpc"
            },
            "tags_all": {
              "Name": "whatsnxt-vpc"
            },
            "timeouts": null,
            "vpc_id": "vpc-0c9c05922529880ec"
          },
          "sensitive_attributes": [],
          "private": "eyJlMmJmYjczMC1lY2FhLTExZTYtOGY4OC0zNDM2M2JjN2M0YzAiOnsiY3JlYXRlIjo2MDAwMDAwMDAwMDAsImRlbGV0ZSI6MTIwMDAwMDAwMDAwMH0sInNjaGVtYV92ZXJzaW9uIjoiMSJ9",
          "dependencies": [
            "module.vpc.aws_vpc.this",
            "module.vpc.aws_vpc_ipv4_cidr_block_association.this"
          ],
          "create_before_destroy": true
        }
      ]
    },
    {
      "module": "module.vpc",
      "mode": "managed",
      "type": "aws_vpc",
      "name": "this",
      "provider": "provider[\"registry.terraform.io/hashicorp/aws\"]",
      "instances": [
        {
          "index_key": 0,
          "schema_version": 1,
          "attributes": {
            "arn": "arn:aws:ec2:ap-south-1:886436939122:vpc/vpc-0c9c05922529880ec",
            "assign_generated_ipv6_cidr_block": false,
            "cidr_block": "10.0.0.0/16",
            "default_network_acl_id": "acl-0292328201ab196f3",
            "default_route_table_id": "rtb-0c0c56f9e410119e6",
            "default_security_group_id": "sg-0880b0a4b5d4695b3",
            "dhcp_options_id": "dopt-06b7bfbc55324893b",
            "enable_dns_hostnames": true,
            "enable_dns_support": true,
            "enable_network_address_usage_metrics": false,
            "id": "vpc-0c9c05922529880ec",
            "instance_tenancy": "default",
            "ipv4_ipam_pool_id": null,
            "ipv4_netmask_length": null,
            "ipv6_association_id": "",
            "ipv6_cidr_block": "",
            "ipv6_cidr_block_network_border_group": "",
            "ipv6_ipam_pool_id": "",
            "ipv6_netmask_length": 0,
            "main_route_table_id": "rtb-0c0c56f9e410119e6",
            "owner_id": "886436939122",
            "region": "ap-south-1",
            "tags": {
              "Name": "whatsnxt-vpc"
            },
            "tags_all": {
              "Name": "whatsnxt-vpc"
            }
          },
          "sensitive_attributes": [],
          "private": "eyJzY2hlbWFfdmVyc2lvbiI6IjEifQ==",
          "create_before_destroy": true
        }
      ]
    }
  ],
  "check_results": null
}
